// !$*UTF8*$!
{
	archiveVersion = 1;
	classes = {
	};
	objectVersion = 46;
	objects = {

/* Begin PBXBuildFile section */
		C98EA809222D35010092A988 /* BreakLoadOptVC.m in Sources */ = {isa = PBXBuildFile; fileRef = C98EA807222D35000092A988 /* BreakLoadOptVC.m */; };
		C98EA80C222D35B50092A988 /* ProjectFile.m in Sources */ = {isa = PBXBuildFile; fileRef = C98EA80B222D35B50092A988 /* ProjectFile.m */; };
		C98EA80F222D38FD0092A988 /* SysLoadVC.m in Sources */ = {isa = PBXBuildFile; fileRef = C98EA80E222D38FD0092A988 /* SysLoadVC.m */; };
		CD1EE1E71EF00B1300F4AC09 /* main.m in Sources */ = {isa = PBXBuildFile; fileRef = CD1EE1E61EF00B1300F4AC09 /* main.m */; };
		CD1EE1EA1EF00B1300F4AC09 /* AppDelegate.m in Sources */ = {isa = PBXBuildFile; fileRef = CD1EE1E91EF00B1300F4AC09 /* AppDelegate.m */; };
		CD1EE1ED1EF00B1300F4AC09 /* ViewController.m in Sources */ = {isa = PBXBuildFile; fileRef = CD1EE1EC1EF00B1300F4AC09 /* ViewController.m */; };
		CD1EE1F01EF00B1300F4AC09 /* Main.storyboard in Resources */ = {isa = PBXBuildFile; fileRef = CD1EE1EE1EF00B1300F4AC09 /* Main.storyboard */; };
		CD1EE1F21EF00B1300F4AC09 /* Assets.xcassets in Resources */ = {isa = PBXBuildFile; fileRef = CD1EE1F11EF00B1300F4AC09 /* Assets.xcassets */; };
		CD1EE1F51EF00B1300F4AC09 /* LaunchScreen.storyboard in Resources */ = {isa = PBXBuildFile; fileRef = CD1EE1F31EF00B1300F4AC09 /* LaunchScreen.storyboard */; };
		CD1EE1FF1EF0349200F4AC09 /* BreakLoadVC.m in Sources */ = {isa = PBXBuildFile; fileRef = CD1EE1FD1EF0349200F4AC09 /* BreakLoadVC.m */; };
		CD1EE2021EF0D2A200F4AC09 /* 1.png in Resources */ = {isa = PBXBuildFile; fileRef = CD1EE2011EF0D2A200F4AC09 /* 1.png */; };
		CD1EE2061EF0D2D600F4AC09 /* EOCInputStreamVCtr.m in Sources */ = {isa = PBXBuildFile; fileRef = CD1EE2041EF0D2D600F4AC09 /* EOCInputStreamVCtr.m */; };
		CD1EE2121EF1363800F4AC09 /* EOCUpdateFileVCtr.m in Sources */ = {isa = PBXBuildFile; fileRef = CD1EE2101EF1363800F4AC09 /* EOCUpdateFileVCtr.m */; };
/* End PBXBuildFile section */

/* Begin PBXFileReference section */
		C98EA807222D35000092A988 /* BreakLoadOptVC.m */ = {isa = PBXFileReference; fileEncoding = 4; lastKnownFileType = sourcecode.c.objc; path = BreakLoadOptVC.m; sourceTree = "<group>"; };
		C98EA808222D35000092A988 /* BreakLoadOptVC.h */ = {isa = PBXFileReference; fileEncoding = 4; lastKnownFileType = sourcecode.c.h; path = BreakLoadOptVC.h; sourceTree = "<group>"; };
		C98EA80A222D35B50092A988 /* ProjectFile.h */ = {isa = PBXFileReference; lastKnownFileType = sourcecode.c.h; path = ProjectFile.h; sourceTree = "<group>"; };
		C98EA80B222D35B50092A988 /* ProjectFile.m */ = {isa = PBXFileReference; lastKnownFileType = sourcecode.c.objc; path = ProjectFile.m; sourceTree = "<group>"; };
		C98EA80D222D38FD0092A988 /* SysLoadVC.h */ = {isa = PBXFileReference; lastKnownFileType = sourcecode.c.h; path = SysLoadVC.h; sourceTree = "<group>"; };
		C98EA80E222D38FD0092A988 /* SysLoadVC.m */ = {isa = PBXFileReference; lastKnownFileType = sourcecode.c.objc; path = SysLoadVC.m; sourceTree = "<group>"; };
		CD1EE1E21EF00B1300F4AC09 /* EOCBreakLoadImage.app */ = {isa = PBXFileReference; explicitFileType = wrapper.application; includeInIndex = 0; path = EOCBreakLoadImage.app; sourceTree = BUILT_PRODUCTS_DIR; };
		CD1EE1E61EF00B1300F4AC09 /* main.m */ = {isa = PBXFileReference; lastKnownFileType = sourcecode.c.objc; path = main.m; sourceTree = "<group>"; };
		CD1EE1E81EF00B1300F4AC09 /* AppDelegate.h */ = {isa = PBXFileReference; lastKnownFileType = sourcecode.c.h; path = AppDelegate.h; sourceTree = "<group>"; };
		CD1EE1E91EF00B1300F4AC09 /* AppDelegate.m */ = {isa = PBXFileReference; lastKnownFileType = sourcecode.c.objc; path = AppDelegate.m; sourceTree = "<group>"; };
		CD1EE1EB1EF00B1300F4AC09 /* ViewController.h */ = {isa = PBXFileReference; lastKnownFileType = sourcecode.c.h; path = ViewController.h; sourceTree = "<group>"; };
		CD1EE1EC1EF00B1300F4AC09 /* ViewController.m */ = {isa = PBXFileReference; lastKnownFileType = sourcecode.c.objc; path = ViewController.m; sourceTree = "<group>"; };
		CD1EE1EF1EF00B1300F4AC09 /* Base */ = {isa = PBXFileReference; lastKnownFileType = file.storyboard; name = Base; path = Base.lproj/Main.storyboard; sourceTree = "<group>"; };
		CD1EE1F11EF00B1300F4AC09 /* Assets.xcassets */ = {isa = PBXFileReference; lastKnownFileType = folder.assetcatalog; path = Assets.xcassets; sourceTree = "<group>"; };
		CD1EE1F41EF00B1300F4AC09 /* Base */ = {isa = PBXFileReference; lastKnownFileType = file.storyboard; name = Base; path = Base.lproj/LaunchScreen.storyboard; sourceTree = "<group>"; };
		CD1EE1F61EF00B1300F4AC09 /* Info.plist */ = {isa = PBXFileReference; lastKnownFileType = text.plist.xml; path = Info.plist; sourceTree = "<group>"; };
		CD1EE1FC1EF0349200F4AC09 /* BreakLoadVC.h */ = {isa = PBXFileReference; fileEncoding = 4; lastKnownFileType = sourcecode.c.h; path = BreakLoadVC.h; sourceTree = "<group>"; };
		CD1EE1FD1EF0349200F4AC09 /* BreakLoadVC.m */ = {isa = PBXFileReference; fileEncoding = 4; lastKnownFileType = sourcecode.c.objc; path = BreakLoadVC.m; sourceTree = "<group>"; };
		CD1EE2011EF0D2A200F4AC09 /* 1.png */ = {isa = PBXFileReference; lastKnownFileType = image.png; path = 1.png; sourceTree = "<group>"; };
		CD1EE2031EF0D2D600F4AC09 /* EOCInputStreamVCtr.h */ = {isa = PBXFileReference; fileEncoding = 4; lastKnownFileType = sourcecode.c.h; path = EOCInputStreamVCtr.h; sourceTree = "<group>"; };
		CD1EE2041EF0D2D600F4AC09 /* EOCInputStreamVCtr.m */ = {isa = PBXFileReference; fileEncoding = 4; lastKnownFileType = sourcecode.c.objc; path = EOCInputStreamVCtr.m; sourceTree = "<group>"; };
		CD1EE20F1EF1363800F4AC09 /* EOCUpdateFileVCtr.h */ = {isa = PBXFileReference; fileEncoding = 4; lastKnownFileType = sourcecode.c.h; path = EOCUpdateFileVCtr.h; sourceTree = "<group>"; };
		CD1EE2101EF1363800F4AC09 /* EOCUpdateFileVCtr.m */ = {isa = PBXFileReference; fileEncoding = 4; lastKnownFileType = sourcecode.c.objc; path = EOCUpdateFileVCtr.m; sourceTree = "<group>"; };
/* End PBXFileReference section */

/* Begin PBXFrameworksBuildPhase section */
		CD1EE1DF1EF00B1300F4AC09 /* Frameworks */ = {
			isa = PBXFrameworksBuildPhase;
			buildActionMask = 2147483647;
			files = (
			);
			runOnlyForDeploymentPostprocessing = 0;
		};
/* End PBXFrameworksBuildPhase section */

/* Begin PBXGroup section */
		CD1EE1D91EF00B1300F4AC09 = {
			isa = PBXGroup;
			children = (
				CD1EE1E41EF00B1300F4AC09 /* EOCBreakLoadImage */,
				CD1EE1E31EF00B1300F4AC09 /* Products */,
			);
			sourceTree = "<group>";
		};
		CD1EE1E31EF00B1300F4AC09 /* Products */ = {
			isa = PBXGroup;
			children = (
				CD1EE1E21EF00B1300F4AC09 /* EOCBreakLoadImage.app */,
			);
			name = Products;
			sourceTree = "<group>";
		};
		CD1EE1E41EF00B1300F4AC09 /* EOCBreakLoadImage */ = {
			isa = PBXGroup;
			children = (
				CD1EE1E81EF00B1300F4AC09 /* AppDelegate.h */,
				CD1EE1E91EF00B1300F4AC09 /* AppDelegate.m */,
				CD1EE1EB1EF00B1300F4AC09 /* ViewController.h */,
				CD1EE1EC1EF00B1300F4AC09 /* ViewController.m */,
				CD1EE1FC1EF0349200F4AC09 /* BreakLoadVC.h */,
				CD1EE1FD1EF0349200F4AC09 /* BreakLoadVC.m */,
				C98EA808222D35000092A988 /* BreakLoadOptVC.h */,
				C98EA807222D35000092A988 /* BreakLoadOptVC.m */,
				C98EA80D222D38FD0092A988 /* SysLoadVC.h */,
				C98EA80E222D38FD0092A988 /* SysLoadVC.m */,
				CD1EE20F1EF1363800F4AC09 /* EOCUpdateFileVCtr.h */,
				CD1EE2101EF1363800F4AC09 /* EOCUpdateFileVCtr.m */,
				CD1EE2031EF0D2D600F4AC09 /* EOCInputStreamVCtr.h */,
				CD1EE2041EF0D2D600F4AC09 /* EOCInputStreamVCtr.m */,
				CD1EE1EE1EF00B1300F4AC09 /* Main.storyboard */,
				CD1EE1F11EF00B1300F4AC09 /* Assets.xcassets */,
				CD1EE1F31EF00B1300F4AC09 /* LaunchScreen.storyboard */,
				CD1EE1F61EF00B1300F4AC09 /* Info.plist */,
				C98EA80A222D35B50092A988 /* ProjectFile.h */,
				C98EA80B222D35B50092A988 /* ProjectFile.m */,
				CD1EE1E51EF00B1300F4AC09 /* Supporting Files */,
			);
			path = EOCBreakLoadImage;
			sourceTree = "<group>";
		};
		CD1EE1E51EF00B1300F4AC09 /* Supporting Files */ = {
			isa = PBXGroup;
			children = (
				CD1EE2011EF0D2A200F4AC09 /* 1.png */,
				CD1EE1E61EF00B1300F4AC09 /* main.m */,
			);
			name = "Supporting Files";
			sourceTree = "<group>";
		};
/* End PBXGroup section */

/* Begin PBXNativeTarget section */
		CD1EE1E11EF00B1300F4AC09 /* EOCBreakLoadImage */ = {
			isa = PBXNativeTarget;
			buildConfigurationList = CD1EE1F91EF00B1300F4AC09 /* Build configuration list for PBXNativeTarget "EOCBreakLoadImage" */;
			buildPhases = (
				CD1EE1DE1EF00B1300F4AC09 /* Sources */,
				CD1EE1DF1EF00B1300F4AC09 /* Frameworks */,
				CD1EE1E01EF00B1300F4AC09 /* Resources */,
			);
			buildRules = (
			);
			dependencies = (
			);
			name = EOCBreakLoadImage;
			productName = EOCBreakLoadImage;
			productReference = CD1EE1E21EF00B1300F4AC09 /* EOCBreakLoadImage.app */;
			productType = "com.apple.product-type.application";
		};
/* End PBXNativeTarget section */

/* Begin PBXProject section */
		CD1EE1DA1EF00B1300F4AC09 /* Project object */ = {
			isa = PBXProject;
			attributes = {
				LastUpgradeCheck = 0830;
				ORGANIZATIONNAME = EOC;
				TargetAttributes = {
					CD1EE1E11EF00B1300F4AC09 = {
						CreatedOnToolsVersion = 8.3.3;
						ProvisioningStyle = Automatic;
					};
				};
			};
			buildConfigurationList = CD1EE1DD1EF00B1300F4AC09 /* Build configuration list for PBXProject "EOCBreakLoadImage" */;
			compatibilityVersion = "Xcode 3.2";
			developmentRegion = English;
			hasScannedForEncodings = 0;
			knownRegions = (
				en,
				Base,
			);
			mainGroup = CD1EE1D91EF00B1300F4AC09;
			productRefGroup = CD1EE1E31EF00B1300F4AC09 /* Products */;
			projectDirPath = "";
			projectRoot = "";
			targets = (
				CD1EE1E11EF00B1300F4AC09 /* EOCBreakLoadImage */,
			);
		};
/* End PBXProject section */

/* Begin PBXResourcesBuildPhase section */
		CD1EE1E01EF00B1300F4AC09 /* Resources */ = {
			isa = PBXResourcesBuildPhase;
			buildActionMask = 2147483647;
			files = (
				CD1EE1F51EF00B1300F4AC09 /* LaunchScreen.storyboard in Resources */,
				CD1EE1F21EF00B1300F4AC09 /* Assets.xcassets in Resources */,
				CD1EE1F01EF00B1300F4AC09 /* Main.storyboard in Resources */,
				CD1EE2021EF0D2A200F4AC09 /* 1.png in Resources */,
			);
			runOnlyForDeploymentPostprocessing = 0;
		};
/* End PBXResourcesBuildPhase section */

/* Begin PBXSourcesBuildPhase section */
		CD1EE1DE1EF00B1300F4AC09 /* Sources */ = {
			isa = PBXSourcesBuildPhase;
			buildActionMask = 2147483647;
			files = (
				C98EA80F222D38FD0092A988 /* SysLoadVC.m in Sources */,
				C98EA809222D35010092A988 /* BreakLoadOptVC.m in Sources */,
				CD1EE2061EF0D2D600F4AC09 /* EOCInputStreamVCtr.m in Sources */,
				CD1EE1ED1EF00B1300F4AC09 /* ViewController.m in Sources */,
				CD1EE1FF1EF0349200F4AC09 /* BreakLoadVC.m in Sources */,
				CD1EE1EA1EF00B1300F4AC09 /* AppDelegate.m in Sources */,
				CD1EE1E71EF00B1300F4AC09 /* main.m in Sources */,
				CD1EE2121EF1363800F4AC09 /* EOCUpdateFileVCtr.m in Sources */,
				C98EA80C222D35B50092A988 /* ProjectFile.m in Sources */,
			);
			runOnlyForDeploymentPostprocessing = 0;
		};
/* End PBXSourcesBuildPhase section */

/* Begin PBXVariantGroup section */
		CD1EE1EE1EF00B1300F4AC09 /* Main.storyboard */ = {
			isa = PBXVariantGroup;
			children = (
				CD1EE1EF1EF00B1300F4AC09 /* Base */,
			);
			name = Main.storyboard;
			sourceTree = "<group>";
		};
		CD1EE1F31EF00B1300F4AC09 /* LaunchScreen.storyboard */ = {
			isa = PBXVariantGroup;
			children = (
				CD1EE1F41EF00B1300F4AC09 /* Base */,
			);
			name = LaunchScreen.storyboard;
			sourceTree = "<group>";
		};
/* End PBXVariantGroup section */

/* Begin XCBuildConfiguration section */
		CD1EE1F71EF00B1300F4AC09 /* Debug */ = {
			isa = XCBuildConfiguration;
			buildSettings = {
				ALWAYS_SEARCH_USER_PATHS = NO;
				CLANG_ANALYZER_NONNULL = YES;
				CLANG_ANALYZER_NUMBER_OBJECT_CONVERSION = YES_AGGRESSIVE;
				CLANG_CXX_LANGUAGE_STANDARD = "gnu++0x";
				CLANG_CXX_LIBRARY = "libc++";
				CLANG_ENABLE_MODULES = YES;
				CLANG_ENABLE_OBJC_ARC = YES;
				CLANG_WARN_BOOL_CONVERSION = YES;
				CLANG_WARN_CONSTANT_CONVERSION = YES;
				CLANG_WARN_DIRECT_OBJC_ISA_USAGE = YES_ERROR;
				CLANG_WARN_DOCUMENTATION_COMMENTS = YES;
				CLANG_WARN_EMPTY_BODY = YES;
				CLANG_WARN_ENUM_CONVERSION = YES;
				CLANG_WARN_INFINITE_RECURSION = YES;
				CLANG_WARN_INT_CONVERSION = YES;
				CLANG_WARN_OBJC_ROOT_CLASS = YES_ERROR;
				CLANG_WARN_SUSPICIOUS_MOVE = YES;
				CLANG_WARN_UNREACHABLE_CODE = YES;
				CLANG_WARN__DUPLICATE_METHOD_MATCH = YES;
				"CODE_SIGN_IDENTITY[sdk=iphoneos*]" = "iPhone Developer";
				COPY_PHASE_STRIP = NO;
				DEBUG_INFORMATION_FORMAT = dwarf;
				ENABLE_STRICT_OBJC_MSGSEND = YES;
				ENABLE_TESTABILITY = YES;
				GCC_C_LANGUAGE_STANDARD = gnu99;
				GCC_DYNAMIC_NO_PIC = NO;
				GCC_NO_COMMON_BLOCKS = YES;
				GCC_OPTIMIZATION_LEVEL = 0;
				GCC_PREPROCESSOR_DEFINITIONS = (
					"DEBUG=1",
					"$(inherited)",
				);
				GCC_WARN_64_TO_32_BIT_CONVERSION = YES;
				GCC_WARN_ABOUT_RETURN_TYPE = YES_ERROR;
				GCC_WARN_UNDECLARED_SELECTOR = YES;
				GCC_WARN_UNINITIALIZED_AUTOS = YES_AGGRESSIVE;
				GCC_WARN_UNUSED_FUNCTION = YES;
				GCC_WARN_UNUSED_VARIABLE = YES;
				IPHONEOS_DEPLOYMENT_TARGET = 10.3;
				MTL_ENABLE_DEBUG_INFO = YES;
				ONLY_ACTIVE_ARCH = YES;
				SDKROOT = iphoneos;
			};
			name = Debug;
		};
		CD1EE1F81EF00B1300F4AC09 /* Release */ = {
			isa = XCBuildConfiguration;
			buildSettings = {
				ALWAYS_SEARCH_USER_PATHS = NO;
				CLANG_ANALYZER_NONNULL = YES;
				CLANG_ANALYZER_NUMBER_OBJECT_CONVERSION = YES_AGGRESSIVE;
				CLANG_CXX_LANGUAGE_STANDARD = "gnu++0x";
				CLANG_CXX_LIBRARY = "libc++";
				CLANG_ENABLE_MODULES = YES;
				CLANG_ENABLE_OBJC_ARC = YES;
				CLANG_WARN_BOOL_CONVERSION = YES;
				CLANG_WARN_CONSTANT_CONVERSION = YES;
				CLANG_WARN_DIRECT_OBJC_ISA_USAGE = YES_ERROR;
				CLANG_WARN_DOCUMENTATION_COMMENTS = YES;
				CLANG_WARN_EMPTY_BODY = YES;
				CLANG_WARN_ENUM_CONVERSION = YES;
				CLANG_WARN_INFINITE_RECURSION = YES;
				CLANG_WARN_INT_CONVERSION = YES;
				CLANG_WARN_OBJC_ROOT_CLASS = YES_ERROR;
				CLANG_WARN_SUSPICIOUS_MOVE = YES;
				CLANG_WARN_UNREACHABLE_CODE = YES;
				CLANG_WARN__DUPLICATE_METHOD_MATCH = YES;
				"CODE_SIGN_IDENTITY[sdk=iphoneos*]" = "iPhone Developer";
				COPY_PHASE_STRIP = NO;
				DEBUG_INFORMATION_FORMAT = "dwarf-with-dsym";
				ENABLE_NS_ASSERTIONS = NO;
				ENABLE_STRICT_OBJC_MSGSEND = YES;
				GCC_C_LANGUAGE_STANDARD = gnu99;
				GCC_NO_COMMON_BLOCKS = YES;
				GCC_WARN_64_TO_32_BIT_CONVERSION = YES;
				GCC_WARN_ABOUT_RETURN_TYPE = YES_ERROR;
				GCC_WARN_UNDECLARED_SELECTOR = YES;
				GCC_WARN_UNINITIALIZED_AUTOS = YES_AGGRESSIVE;
				GCC_WARN_UNUSED_FUNCTION = YES;
				GCC_WARN_UNUSED_VARIABLE = YES;
				IPHONEOS_DEPLOYMENT_TARGET = 10.3;
				MTL_ENABLE_DEBUG_INFO = NO;
				SDKROOT = iphoneos;
				VALIDATE_PRODUCT = YES;
			};
			name = Release;
		};
		CD1EE1FA1EF00B1300F4AC09 /* Debug */ = {
			isa = XCBuildConfiguration;
			buildSettings = {
				ASSETCATALOG_COMPILER_APPICON_NAME = AppIcon;
				INFOPLIST_FILE = EOCBreakLoadImage/Info.plist;
				LD_RUNPATH_SEARCH_PATHS = "$(inherited) @executable_path/Frameworks";
				PRODUCT_BUNDLE_IDENTIFIER = "-----.EOCBreakLoadImage";
				PRODUCT_NAME = "$(TARGET_NAME)";
			};
			name = Debug;
		};
		CD1EE1FB1EF00B1300F4AC09 /* Release */ = {
			isa = XCBuildConfiguration;
			buildSettings = {
				ASSETCATALOG_COMPILER_APPICON_NAME = AppIcon;
				INFOPLIST_FILE = EOCBreakLoadImage/Info.plist;
				LD_RUNPATH_SEARCH_PATHS = "$(inherited) @executable_path/Frameworks";
				PRODUCT_BUNDLE_IDENTIFIER = "-----.EOCBreakLoadImage";
				PRODUCT_NAME = "$(TARGET_NAME)";
			};
			name = Release;
		};
/* End XCBuildConfiguration section */

/* Begin XCConfigurationList section */
		CD1EE1DD1EF00B1300F4AC09 /* Build configuration list for PBXProject "EOCBreakLoadImage" */ = {
			isa = XCConfigurationList;
			buildConfigurations = (
				CD1EE1F71EF00B1300F4AC09 /* Debug */,
				CD1EE1F81EF00B1300F4AC09 /* Release */,
			);
			defaultConfigurationIsVisible = 0;
			defaultConfigurationName = Release;
		};
		CD1EE1F91EF00B1300F4AC09 /* Build configuration list for PBXNativeTarget "EOCBreakLoadImage" */ = {
			isa = XCConfigurationList;
			buildConfigurations = (
				CD1EE1FA1EF00B1300F4AC09 /* Debug */,
				CD1EE1FB1EF00B1300F4AC09 /* Release */,
			);
			defaultConfigurationIsVisible = 0;
			defaultConfigurationName = Release;
		};
/* End XCConfigurationList section */
	};
	rootObject = CD1EE1DA1EF00B1300F4AC09 /* Project object */;
}
