// !$*UTF8*$!
{
	archiveVersion = 1;
	classes = {
	};
	objectVersion = 50;
	objects = {

/* Begin PBXBuildFile section */
		C993F22D21EC587800FC3FA1 /* AppDelegate.swift in Sources */ = {isa = PBXBuildFile; fileRef = C993F22C21EC587800FC3FA1 /* AppDelegate.swift */; };
		C993F22F21EC587800FC3FA1 /* ViewController.swift in Sources */ = {isa = PBXBuildFile; fileRef = C993F22E21EC587800FC3FA1 /* ViewController.swift */; };
		C993F23221EC587800FC3FA1 /* Main.storyboard in Resources */ = {isa = PBXBuildFile; fileRef = C993F23021EC587800FC3FA1 /* Main.storyboard */; };
		C993F23421EC587900FC3FA1 /* Assets.xcassets in Resources */ = {isa = PBXBuildFile; fileRef = C993F23321EC587900FC3FA1 /* Assets.xcassets */; };
		C993F23721EC587900FC3FA1 /* LaunchScreen.storyboard in Resources */ = {isa = PBXBuildFile; fileRef = C993F23521EC587900FC3FA1 /* LaunchScreen.storyboard */; };
		C993F24121EC5C6500FC3FA1 /* ImageFileCompressViewCtr.swift in Sources */ = {isa = PBXBuildFile; fileRef = C993F23F21EC5C6500FC3FA1 /* ImageFileCompressViewCtr.swift */; };
		C993F24221EC5C6500FC3FA1 /* ImageCompressViewCtr.xib in Resources */ = {isa = PBXBuildFile; fileRef = C993F24021EC5C6500FC3FA1 /* ImageCompressViewCtr.xib */; };
		C993F24421EC669100FC3FA1 /* 3.jpg in Resources */ = {isa = PBXBuildFile; fileRef = C993F24321EC669100FC3FA1 /* 3.jpg */; };
		C993F24821EC671F00FC3FA1 /* ImageCompressVC.swift in Sources */ = {isa = PBXBuildFile; fileRef = C993F24621EC671F00FC3FA1 /* ImageCompressVC.swift */; };
		C993F24921EC671F00FC3FA1 /* ImageCompressVC.xib in Resources */ = {isa = PBXBuildFile; fileRef = C993F24721EC671F00FC3FA1 /* ImageCompressVC.xib */; };
		C993F24D21EC6EEA00FC3FA1 /* ImageFilterVC.swift in Sources */ = {isa = PBXBuildFile; fileRef = C993F24B21EC6EEA00FC3FA1 /* ImageFilterVC.swift */; };
		C993F24E21EC6EEA00FC3FA1 /* ImageFilterVC.xib in Resources */ = {isa = PBXBuildFile; fileRef = C993F24C21EC6EEA00FC3FA1 /* ImageFilterVC.xib */; };
		C993F25621EC892500FC3FA1 /* ShotScreenImageVC.swift in Sources */ = {isa = PBXBuildFile; fileRef = C993F25421EC892500FC3FA1 /* ShotScreenImageVC.swift */; };
		C993F25721EC892500FC3FA1 /* ShotScreenImageVC.xib in Resources */ = {isa = PBXBuildFile; fileRef = C993F25521EC892500FC3FA1 /* ShotScreenImageVC.xib */; };
		C993F25B21EC9B2D00FC3FA1 /* ImageScaleViewCtr.swift in Sources */ = {isa = PBXBuildFile; fileRef = C993F25921EC9B2D00FC3FA1 /* ImageScaleViewCtr.swift */; };
		C993F25C21EC9B2D00FC3FA1 /* ImageScaleViewCtr.xib in Resources */ = {isa = PBXBuildFile; fileRef = C993F25A21EC9B2D00FC3FA1 /* ImageScaleViewCtr.xib */; };
		C9F7A3042216BFAC007E09C0 /* ImageQRCodeViewCtr.swift in Sources */ = {isa = PBXBuildFile; fileRef = C9F7A3032216BFAC007E09C0 /* ImageQRCodeViewCtr.swift */; };
		C9FD82B421F0328300225BA8 /* ImageIODecodeViewCtr.swift in Sources */ = {isa = PBXBuildFile; fileRef = C9FD82B221F0328300225BA8 /* ImageIODecodeViewCtr.swift */; };
		C9FD82B521F0328300225BA8 /* ImageIODecodeViewCtr.xib in Resources */ = {isa = PBXBuildFile; fileRef = C9FD82B321F0328300225BA8 /* ImageIODecodeViewCtr.xib */; };
		C9FD82C221F0631C00225BA8 /* test.png in Resources */ = {isa = PBXBuildFile; fileRef = C9FD82C121F0631C00225BA8 /* test.png */; };
		C9FD82C621F0634100225BA8 /* bigImage.jpg in Resources */ = {isa = PBXBuildFile; fileRef = C9FD82C521F0634100225BA8 /* bigImage.jpg */; };
		C9FD82CE21F08F5800225BA8 /* mew_progressive.jpg in Resources */ = {isa = PBXBuildFile; fileRef = C9FD82CD21F08F5800225BA8 /* mew_progressive.jpg */; };
		C9FD82D221F0901300225BA8 /* ImageIOBaseViewCtr.swift in Sources */ = {isa = PBXBuildFile; fileRef = C9FD82D021F0901300225BA8 /* ImageIOBaseViewCtr.swift */; };
		C9FD82D321F0901300225BA8 /* ImageIOBaseViewCtr.xib in Resources */ = {isa = PBXBuildFile; fileRef = C9FD82D121F0901300225BA8 /* ImageIOBaseViewCtr.xib */; };
		C9FD82DE21F0943900225BA8 /* gif.gif in Resources */ = {isa = PBXBuildFile; fileRef = C9FD82DD21F0943900225BA8 /* gif.gif */; };
		C9FD82EB21F0947B00225BA8 /* 1.png in Resources */ = {isa = PBXBuildFile; fileRef = C9FD82E221F0947B00225BA8 /* 1.png */; };
		C9FD82EC21F0947B00225BA8 /* 2.png in Resources */ = {isa = PBXBuildFile; fileRef = C9FD82E321F0947B00225BA8 /* 2.png */; };
		C9FD82ED21F0947B00225BA8 /* 3.png in Resources */ = {isa = PBXBuildFile; fileRef = C9FD82E421F0947B00225BA8 /* 3.png */; };
		C9FD82EE21F0947B00225BA8 /* 4.png in Resources */ = {isa = PBXBuildFile; fileRef = C9FD82E521F0947B00225BA8 /* 4.png */; };
		C9FD82EF21F0947B00225BA8 /* 5.png in Resources */ = {isa = PBXBuildFile; fileRef = C9FD82E621F0947B00225BA8 /* 5.png */; };
		C9FD82F021F0947B00225BA8 /* 6.png in Resources */ = {isa = PBXBuildFile; fileRef = C9FD82E721F0947B00225BA8 /* 6.png */; };
		C9FD82F121F0947B00225BA8 /* 7.png in Resources */ = {isa = PBXBuildFile; fileRef = C9FD82E821F0947B00225BA8 /* 7.png */; };
		C9FD82F221F0947B00225BA8 /* 8.png in Resources */ = {isa = PBXBuildFile; fileRef = C9FD82E921F0947B00225BA8 /* 8.png */; };
		C9FD82F321F0947B00225BA8 /* 9.png in Resources */ = {isa = PBXBuildFile; fileRef = C9FD82EA21F0947B00225BA8 /* 9.png */; };
/* End PBXBuildFile section */

/* Begin PBXFileReference section */
		C993F22921EC587800FC3FA1 /* ImagePressClass.app */ = {isa = PBXFileReference; explicitFileType = wrapper.application; includeInIndex = 0; path = ImagePressClass.app; sourceTree = BUILT_PRODUCTS_DIR; };
		C993F22C21EC587800FC3FA1 /* AppDelegate.swift */ = {isa = PBXFileReference; lastKnownFileType = sourcecode.swift; path = AppDelegate.swift; sourceTree = "<group>"; };
		C993F22E21EC587800FC3FA1 /* ViewController.swift */ = {isa = PBXFileReference; lastKnownFileType = sourcecode.swift; path = ViewController.swift; sourceTree = "<group>"; };
		C993F23121EC587800FC3FA1 /* Base */ = {isa = PBXFileReference; lastKnownFileType = file.storyboard; name = Base; path = Base.lproj/Main.storyboard; sourceTree = "<group>"; };
		C993F23321EC587900FC3FA1 /* Assets.xcassets */ = {isa = PBXFileReference; lastKnownFileType = folder.assetcatalog; path = Assets.xcassets; sourceTree = "<group>"; };
		C993F23621EC587900FC3FA1 /* Base */ = {isa = PBXFileReference; lastKnownFileType = file.storyboard; name = Base; path = Base.lproj/LaunchScreen.storyboard; sourceTree = "<group>"; };
		C993F23821EC587900FC3FA1 /* Info.plist */ = {isa = PBXFileReference; lastKnownFileType = text.plist.xml; path = Info.plist; sourceTree = "<group>"; };
		C993F23F21EC5C6500FC3FA1 /* ImageFileCompressViewCtr.swift */ = {isa = PBXFileReference; lastKnownFileType = sourcecode.swift; path = ImageFileCompressViewCtr.swift; sourceTree = "<group>"; };
		C993F24021EC5C6500FC3FA1 /* ImageCompressViewCtr.xib */ = {isa = PBXFileReference; lastKnownFileType = file.xib; path = ImageCompressViewCtr.xib; sourceTree = "<group>"; };
		C993F24321EC669100FC3FA1 /* 3.jpg */ = {isa = PBXFileReference; lastKnownFileType = image.jpeg; path = 3.jpg; sourceTree = "<group>"; };
		C993F24621EC671F00FC3FA1 /* ImageCompressVC.swift */ = {isa = PBXFileReference; lastKnownFileType = sourcecode.swift; path = ImageCompressVC.swift; sourceTree = "<group>"; };
		C993F24721EC671F00FC3FA1 /* ImageCompressVC.xib */ = {isa = PBXFileReference; lastKnownFileType = file.xib; path = ImageCompressVC.xib; sourceTree = "<group>"; };
		C993F24B21EC6EEA00FC3FA1 /* ImageFilterVC.swift */ = {isa = PBXFileReference; lastKnownFileType = sourcecode.swift; path = ImageFilterVC.swift; sourceTree = "<group>"; };
		C993F24C21EC6EEA00FC3FA1 /* ImageFilterVC.xib */ = {isa = PBXFileReference; lastKnownFileType = file.xib; path = ImageFilterVC.xib; sourceTree = "<group>"; };
		C993F25421EC892500FC3FA1 /* ShotScreenImageVC.swift */ = {isa = PBXFileReference; lastKnownFileType = sourcecode.swift; path = ShotScreenImageVC.swift; sourceTree = "<group>"; };
		C993F25521EC892500FC3FA1 /* ShotScreenImageVC.xib */ = {isa = PBXFileReference; lastKnownFileType = file.xib; path = ShotScreenImageVC.xib; sourceTree = "<group>"; };
		C993F25921EC9B2D00FC3FA1 /* ImageScaleViewCtr.swift */ = {isa = PBXFileReference; lastKnownFileType = sourcecode.swift; path = ImageScaleViewCtr.swift; sourceTree = "<group>"; };
		C993F25A21EC9B2D00FC3FA1 /* ImageScaleViewCtr.xib */ = {isa = PBXFileReference; lastKnownFileType = file.xib; path = ImageScaleViewCtr.xib; sourceTree = "<group>"; };
		C9F7A3032216BFAC007E09C0 /* ImageQRCodeViewCtr.swift */ = {isa = PBXFileReference; lastKnownFileType = sourcecode.swift; path = ImageQRCodeViewCtr.swift; sourceTree = "<group>"; };
		C9FD82B221F0328300225BA8 /* ImageIODecodeViewCtr.swift */ = {isa = PBXFileReference; lastKnownFileType = sourcecode.swift; path = ImageIODecodeViewCtr.swift; sourceTree = "<group>"; };
		C9FD82B321F0328300225BA8 /* ImageIODecodeViewCtr.xib */ = {isa = PBXFileReference; lastKnownFileType = file.xib; path = ImageIODecodeViewCtr.xib; sourceTree = "<group>"; };
		C9FD82C121F0631C00225BA8 /* test.png */ = {isa = PBXFileReference; lastKnownFileType = image.png; path = test.png; sourceTree = "<group>"; };
		C9FD82C521F0634100225BA8 /* bigImage.jpg */ = {isa = PBXFileReference; lastKnownFileType = image.jpeg; name = bigImage.jpg; path = ../../ImageView/ImagePressClass/ImagePressClass/bigImage.jpg; sourceTree = "<group>"; };
		C9FD82CD21F08F5800225BA8 /* mew_progressive.jpg */ = {isa = PBXFileReference; lastKnownFileType = image.jpeg; path = mew_progressive.jpg; sourceTree = "<group>"; };
		C9FD82D021F0901300225BA8 /* ImageIOBaseViewCtr.swift */ = {isa = PBXFileReference; lastKnownFileType = sourcecode.swift; path = ImageIOBaseViewCtr.swift; sourceTree = "<group>"; };
		C9FD82D121F0901300225BA8 /* ImageIOBaseViewCtr.xib */ = {isa = PBXFileReference; lastKnownFileType = file.xib; path = ImageIOBaseViewCtr.xib; sourceTree = "<group>"; };
		C9FD82DD21F0943900225BA8 /* gif.gif */ = {isa = PBXFileReference; lastKnownFileType = image.gif; path = gif.gif; sourceTree = "<group>"; };
		C9FD82E221F0947B00225BA8 /* 1.png */ = {isa = PBXFileReference; lastKnownFileType = image.png; path = 1.png; sourceTree = "<group>"; };
		C9FD82E321F0947B00225BA8 /* 2.png */ = {isa = PBXFileReference; lastKnownFileType = image.png; path = 2.png; sourceTree = "<group>"; };
		C9FD82E421F0947B00225BA8 /* 3.png */ = {isa = PBXFileReference; lastKnownFileType = image.png; path = 3.png; sourceTree = "<group>"; };
		C9FD82E521F0947B00225BA8 /* 4.png */ = {isa = PBXFileReference; lastKnownFileType = image.png; path = 4.png; sourceTree = "<group>"; };
		C9FD82E621F0947B00225BA8 /* 5.png */ = {isa = PBXFileReference; lastKnownFileType = image.png; path = 5.png; sourceTree = "<group>"; };
		C9FD82E721F0947B00225BA8 /* 6.png */ = {isa = PBXFileReference; lastKnownFileType = image.png; path = 6.png; sourceTree = "<group>"; };
		C9FD82E821F0947B00225BA8 /* 7.png */ = {isa = PBXFileReference; lastKnownFileType = image.png; path = 7.png; sourceTree = "<group>"; };
		C9FD82E921F0947B00225BA8 /* 8.png */ = {isa = PBXFileReference; lastKnownFileType = image.png; path = 8.png; sourceTree = "<group>"; };
		C9FD82EA21F0947B00225BA8 /* 9.png */ = {isa = PBXFileReference; lastKnownFileType = image.png; path = 9.png; sourceTree = "<group>"; };
/* End PBXFileReference section */

/* Begin PBXFrameworksBuildPhase section */
		C993F22621EC587800FC3FA1 /* Frameworks */ = {
			isa = PBXFrameworksBuildPhase;
			buildActionMask = 2147483647;
			files = (
			);
			runOnlyForDeploymentPostprocessing = 0;
		};
/* End PBXFrameworksBuildPhase section */

/* Begin PBXGroup section */
		C993F22021EC587800FC3FA1 = {
			isa = PBXGroup;
			children = (
				C993F22B21EC587800FC3FA1 /* ImagePressClass */,
				C993F22A21EC587800FC3FA1 /* Products */,
			);
			sourceTree = "<group>";
		};
		C993F22A21EC587800FC3FA1 /* Products */ = {
			isa = PBXGroup;
			children = (
				C993F22921EC587800FC3FA1 /* ImagePressClass.app */,
			);
			name = Products;
			sourceTree = "<group>";
		};
		C993F22B21EC587800FC3FA1 /* ImagePressClass */ = {
			isa = PBXGroup;
			children = (
				C993F22C21EC587800FC3FA1 /* AppDelegate.swift */,
				C993F22E21EC587800FC3FA1 /* ViewController.swift */,
				C9FD82D421F0927400225BA8 /* ImageIO encode  */,
				C9FD82CF21F08FD500225BA8 /* ImageIO Base */,
				C9FD82B121F0324D00225BA8 /* ImageIO decode */,
				C993F25821EC9B0E00FC3FA1 /* Scale */,
				C993F25321EC890300FC3FA1 /* ShotScreen */,
				C993F24A21EC6EB300FC3FA1 /* BlackWhiteImage */,
				C993F24521EC66F500FC3FA1 /* ImageCompress */,
				C993F23E21EC59D700FC3FA1 /* ImageFileCompress */,
				C993F23021EC587800FC3FA1 /* Main.storyboard */,
				C9F7A3022216BF7D007E09C0 /* QRCode */,
				C993F23321EC587900FC3FA1 /* Assets.xcassets */,
				C993F23521EC587900FC3FA1 /* LaunchScreen.storyboard */,
				C993F23821EC587900FC3FA1 /* Info.plist */,
				C993F24321EC669100FC3FA1 /* 3.jpg */,
				C9FD82C521F0634100225BA8 /* bigImage.jpg */,
				C9FD82CD21F08F5800225BA8 /* mew_progressive.jpg */,
				C9FD82DD21F0943900225BA8 /* gif.gif */,
				C9FD82C121F0631C00225BA8 /* test.png */,
				C9FD82E121F0947B00225BA8 /* ImageGif */,
			);
			path = ImagePressClass;
			sourceTree = "<group>";
		};
		C993F23E21EC59D700FC3FA1 /* ImageFileCompress */ = {
			isa = PBXGroup;
			children = (
				C993F23F21EC5C6500FC3FA1 /* ImageFileCompressViewCtr.swift */,
				C993F24021EC5C6500FC3FA1 /* ImageCompressViewCtr.xib */,
			);
			path = ImageFileCompress;
			sourceTree = "<group>";
		};
		C993F24521EC66F500FC3FA1 /* ImageCompress */ = {
			isa = PBXGroup;
			children = (
				C993F24621EC671F00FC3FA1 /* ImageCompressVC.swift */,
				C993F24721EC671F00FC3FA1 /* ImageCompressVC.xib */,
			);
			path = ImageCompress;
			sourceTree = "<group>";
		};
		C993F24A21EC6EB300FC3FA1 /* BlackWhiteImage */ = {
			isa = PBXGroup;
			children = (
				C993F24B21EC6EEA00FC3FA1 /* ImageFilterVC.swift */,
				C993F24C21EC6EEA00FC3FA1 /* ImageFilterVC.xib */,
			);
			path = BlackWhiteImage;
			sourceTree = "<group>";
		};
		C993F25321EC890300FC3FA1 /* ShotScreen */ = {
			isa = PBXGroup;
			children = (
				C993F25421EC892500FC3FA1 /* ShotScreenImageVC.swift */,
				C993F25521EC892500FC3FA1 /* ShotScreenImageVC.xib */,
			);
			path = ShotScreen;
			sourceTree = "<group>";
		};
		C993F25821EC9B0E00FC3FA1 /* Scale */ = {
			isa = PBXGroup;
			children = (
				C993F25921EC9B2D00FC3FA1 /* ImageScaleViewCtr.swift */,
				C993F25A21EC9B2D00FC3FA1 /* ImageScaleViewCtr.xib */,
			);
			path = Scale;
			sourceTree = "<group>";
		};
		C9F7A3022216BF7D007E09C0 /* QRCode */ = {
			isa = PBXGroup;
			children = (
				C9F7A3032216BFAC007E09C0 /* ImageQRCodeViewCtr.swift */,
			);
			path = QRCode;
			sourceTree = "<group>";
		};
		C9FD82B121F0324D00225BA8 /* ImageIO decode */ = {
			isa = PBXGroup;
			children = (
				C9FD82B221F0328300225BA8 /* ImageIODecodeViewCtr.swift */,
				C9FD82B321F0328300225BA8 /* ImageIODecodeViewCtr.xib */,
			);
			path = "ImageIO decode";
			sourceTree = "<group>";
		};
		C9FD82CF21F08FD500225BA8 /* ImageIO Base */ = {
			isa = PBXGroup;
			children = (
				C9FD82D021F0901300225BA8 /* ImageIOBaseViewCtr.swift */,
				C9FD82D121F0901300225BA8 /* ImageIOBaseViewCtr.xib */,
			);
			path = "ImageIO Base";
			sourceTree = "<group>";
		};
		C9FD82D421F0927400225BA8 /* ImageIO encode  */ = {
			isa = PBXGroup;
			children = (
			);
			path = "ImageIO encode ";
			sourceTree = "<group>";
		};
		C9FD82E121F0947B00225BA8 /* ImageGif */ = {
			isa = PBXGroup;
			children = (
				C9FD82E221F0947B00225BA8 /* 1.png */,
				C9FD82E321F0947B00225BA8 /* 2.png */,
				C9FD82E421F0947B00225BA8 /* 3.png */,
				C9FD82E521F0947B00225BA8 /* 4.png */,
				C9FD82E621F0947B00225BA8 /* 5.png */,
				C9FD82E721F0947B00225BA8 /* 6.png */,
				C9FD82E821F0947B00225BA8 /* 7.png */,
				C9FD82E921F0947B00225BA8 /* 8.png */,
				C9FD82EA21F0947B00225BA8 /* 9.png */,
			);
			path = ImageGif;
			sourceTree = "<group>";
		};
/* End PBXGroup section */

/* Begin PBXNativeTarget section */
		C993F22821EC587800FC3FA1 /* ImagePressClass */ = {
			isa = PBXNativeTarget;
			buildConfigurationList = C993F23B21EC587900FC3FA1 /* Build configuration list for PBXNativeTarget "ImagePressClass" */;
			buildPhases = (
				C993F22521EC587800FC3FA1 /* Sources */,
				C993F22621EC587800FC3FA1 /* Frameworks */,
				C993F22721EC587800FC3FA1 /* Resources */,
			);
			buildRules = (
			);
			dependencies = (
			);
			name = ImagePressClass;
			productName = ImagePressClass;
			productReference = C993F22921EC587800FC3FA1 /* ImagePressClass.app */;
			productType = "com.apple.product-type.application";
		};
/* End PBXNativeTarget section */

/* Begin PBXProject section */
		C993F22121EC587800FC3FA1 /* Project object */ = {
			isa = PBXProject;
			attributes = {
				LastSwiftUpdateCheck = 1010;
				LastUpgradeCheck = 1010;
				ORGANIZATIONNAME = newplatform;
				TargetAttributes = {
					C993F22821EC587800FC3FA1 = {
						CreatedOnToolsVersion = 10.1;
					};
				};
			};
			buildConfigurationList = C993F22421EC587800FC3FA1 /* Build configuration list for PBXProject "ImagePressClass" */;
			compatibilityVersion = "Xcode 9.3";
			developmentRegion = en;
			hasScannedForEncodings = 0;
			knownRegions = (
				en,
				Base,
			);
			mainGroup = C993F22021EC587800FC3FA1;
			productRefGroup = C993F22A21EC587800FC3FA1 /* Products */;
			projectDirPath = "";
			projectRoot = "";
			targets = (
				C993F22821EC587800FC3FA1 /* ImagePressClass */,
			);
		};
/* End PBXProject section */

/* Begin PBXResourcesBuildPhase section */
		C993F22721EC587800FC3FA1 /* Resources */ = {
			isa = PBXResourcesBuildPhase;
			buildActionMask = 2147483647;
			files = (
				C9FD82F221F0947B00225BA8 /* 8.png in Resources */,
				C9FD82F021F0947B00225BA8 /* 6.png in Resources */,
				C9FD82C621F0634100225BA8 /* bigImage.jpg in Resources */,
				C9FD82EB21F0947B00225BA8 /* 1.png in Resources */,
				C9FD82DE21F0943900225BA8 /* gif.gif in Resources */,
				C993F24421EC669100FC3FA1 /* 3.jpg in Resources */,
				C993F24221EC5C6500FC3FA1 /* ImageCompressViewCtr.xib in Resources */,
				C9FD82ED21F0947B00225BA8 /* 3.png in Resources */,
				C993F23721EC587900FC3FA1 /* LaunchScreen.storyboard in Resources */,
				C9FD82EC21F0947B00225BA8 /* 2.png in Resources */,
				C9FD82EE21F0947B00225BA8 /* 4.png in Resources */,
				C993F25721EC892500FC3FA1 /* ShotScreenImageVC.xib in Resources */,
				C993F24E21EC6EEA00FC3FA1 /* ImageFilterVC.xib in Resources */,
				C9FD82CE21F08F5800225BA8 /* mew_progressive.jpg in Resources */,
				C993F23421EC587900FC3FA1 /* Assets.xcassets in Resources */,
				C993F25C21EC9B2D00FC3FA1 /* ImageScaleViewCtr.xib in Resources */,
				C9FD82F121F0947B00225BA8 /* 7.png in Resources */,
				C9FD82F321F0947B00225BA8 /* 9.png in Resources */,
				C993F24921EC671F00FC3FA1 /* ImageCompressVC.xib in Resources */,
				C9FD82B521F0328300225BA8 /* ImageIODecodeViewCtr.xib in Resources */,
				C9FD82D321F0901300225BA8 /* ImageIOBaseViewCtr.xib in Resources */,
				C9FD82EF21F0947B00225BA8 /* 5.png in Resources */,
				C993F23221EC587800FC3FA1 /* Main.storyboard in Resources */,
				C9FD82C221F0631C00225BA8 /* test.png in Resources */,
			);
			runOnlyForDeploymentPostprocessing = 0;
		};
/* End PBXResourcesBuildPhase section */

/* Begin PBXSourcesBuildPhase section */
		C993F22521EC587800FC3FA1 /* Sources */ = {
			isa = PBXSourcesBuildPhase;
			buildActionMask = 2147483647;
			files = (
				C9FD82B421F0328300225BA8 /* ImageIODecodeViewCtr.swift in Sources */,
				C993F24821EC671F00FC3FA1 /* ImageCompressVC.swift in Sources */,
				C993F22F21EC587800FC3FA1 /* ViewController.swift in Sources */,
				C993F25621EC892500FC3FA1 /* ShotScreenImageVC.swift in Sources */,
				C993F22D21EC587800FC3FA1 /* AppDelegate.swift in Sources */,
				C9F7A3042216BFAC007E09C0 /* ImageQRCodeViewCtr.swift in Sources */,
				C993F24121EC5C6500FC3FA1 /* ImageFileCompressViewCtr.swift in Sources */,
				C9FD82D221F0901300225BA8 /* ImageIOBaseViewCtr.swift in Sources */,
				C993F25B21EC9B2D00FC3FA1 /* ImageScaleViewCtr.swift in Sources */,
				C993F24D21EC6EEA00FC3FA1 /* ImageFilterVC.swift in Sources */,
			);
			runOnlyForDeploymentPostprocessing = 0;
		};
/* End PBXSourcesBuildPhase section */

/* Begin PBXVariantGroup section */
		C993F23021EC587800FC3FA1 /* Main.storyboard */ = {
			isa = PBXVariantGroup;
			children = (
				C993F23121EC587800FC3FA1 /* Base */,
			);
			name = Main.storyboard;
			sourceTree = "<group>";
		};
		C993F23521EC587900FC3FA1 /* LaunchScreen.storyboard */ = {
			isa = PBXVariantGroup;
			children = (
				C993F23621EC587900FC3FA1 /* Base */,
			);
			name = LaunchScreen.storyboard;
			sourceTree = "<group>";
		};
/* End PBXVariantGroup section */

/* Begin XCBuildConfiguration section */
		C993F23921EC587900FC3FA1 /* Debug */ = {
			isa = XCBuildConfiguration;
			buildSettings = {
				ALWAYS_SEARCH_USER_PATHS = NO;
				CLANG_ANALYZER_NONNULL = YES;
				CLANG_ANALYZER_NUMBER_OBJECT_CONVERSION = YES_AGGRESSIVE;
				CLANG_CXX_LANGUAGE_STANDARD = "gnu++14";
				CLANG_CXX_LIBRARY = "libc++";
				CLANG_ENABLE_MODULES = YES;
				CLANG_ENABLE_OBJC_ARC = YES;
				CLANG_ENABLE_OBJC_WEAK = YES;
				CLANG_WARN_BLOCK_CAPTURE_AUTORELEASING = YES;
				CLANG_WARN_BOOL_CONVERSION = YES;
				CLANG_WARN_COMMA = YES;
				CLANG_WARN_CONSTANT_CONVERSION = YES;
				CLANG_WARN_DEPRECATED_OBJC_IMPLEMENTATIONS = YES;
				CLANG_WARN_DIRECT_OBJC_ISA_USAGE = YES_ERROR;
				CLANG_WARN_DOCUMENTATION_COMMENTS = YES;
				CLANG_WARN_EMPTY_BODY = YES;
				CLANG_WARN_ENUM_CONVERSION = YES;
				CLANG_WARN_INFINITE_RECURSION = YES;
				CLANG_WARN_INT_CONVERSION = YES;
				CLANG_WARN_NON_LITERAL_NULL_CONVERSION = YES;
				CLANG_WARN_OBJC_IMPLICIT_RETAIN_SELF = YES;
				CLANG_WARN_OBJC_LITERAL_CONVERSION = YES;
				CLANG_WARN_OBJC_ROOT_CLASS = YES_ERROR;
				CLANG_WARN_RANGE_LOOP_ANALYSIS = YES;
				CLANG_WARN_STRICT_PROTOTYPES = YES;
				CLANG_WARN_SUSPICIOUS_MOVE = YES;
				CLANG_WARN_UNGUARDED_AVAILABILITY = YES_AGGRESSIVE;
				CLANG_WARN_UNREACHABLE_CODE = YES;
				CLANG_WARN__DUPLICATE_METHOD_MATCH = YES;
				CODE_SIGN_IDENTITY = "iPhone Developer";
				COPY_PHASE_STRIP = NO;
				DEBUG_INFORMATION_FORMAT = dwarf;
				ENABLE_STRICT_OBJC_MSGSEND = YES;
				ENABLE_TESTABILITY = YES;
				GCC_C_LANGUAGE_STANDARD = gnu11;
				GCC_DYNAMIC_NO_PIC = NO;
				GCC_NO_COMMON_BLOCKS = YES;
				GCC_OPTIMIZATION_LEVEL = 0;
				GCC_PREPROCESSOR_DEFINITIONS = (
					"DEBUG=1",
					"$(inherited)",
				);
				GCC_WARN_64_TO_32_BIT_CONVERSION = YES;
				GCC_WARN_ABOUT_RETURN_TYPE = YES_ERROR;
				GCC_WARN_UNDECLARED_SELECTOR = YES;
				GCC_WARN_UNINITIALIZED_AUTOS = YES_AGGRESSIVE;
				GCC_WARN_UNUSED_FUNCTION = YES;
				GCC_WARN_UNUSED_VARIABLE = YES;
				IPHONEOS_DEPLOYMENT_TARGET = 12.1;
				MTL_ENABLE_DEBUG_INFO = INCLUDE_SOURCE;
				MTL_FAST_MATH = YES;
				ONLY_ACTIVE_ARCH = YES;
				SDKROOT = iphoneos;
				SWIFT_ACTIVE_COMPILATION_CONDITIONS = DEBUG;
				SWIFT_OPTIMIZATION_LEVEL = "-Onone";
			};
			name = Debug;
		};
		C993F23A21EC587900FC3FA1 /* Release */ = {
			isa = XCBuildConfiguration;
			buildSettings = {
				ALWAYS_SEARCH_USER_PATHS = NO;
				CLANG_ANALYZER_NONNULL = YES;
				CLANG_ANALYZER_NUMBER_OBJECT_CONVERSION = YES_AGGRESSIVE;
				CLANG_CXX_LANGUAGE_STANDARD = "gnu++14";
				CLANG_CXX_LIBRARY = "libc++";
				CLANG_ENABLE_MODULES = YES;
				CLANG_ENABLE_OBJC_ARC = YES;
				CLANG_ENABLE_OBJC_WEAK = YES;
				CLANG_WARN_BLOCK_CAPTURE_AUTORELEASING = YES;
				CLANG_WARN_BOOL_CONVERSION = YES;
				CLANG_WARN_COMMA = YES;
				CLANG_WARN_CONSTANT_CONVERSION = YES;
				CLANG_WARN_DEPRECATED_OBJC_IMPLEMENTATIONS = YES;
				CLANG_WARN_DIRECT_OBJC_ISA_USAGE = YES_ERROR;
				CLANG_WARN_DOCUMENTATION_COMMENTS = YES;
				CLANG_WARN_EMPTY_BODY = YES;
				CLANG_WARN_ENUM_CONVERSION = YES;
				CLANG_WARN_INFINITE_RECURSION = YES;
				CLANG_WARN_INT_CONVERSION = YES;
				CLANG_WARN_NON_LITERAL_NULL_CONVERSION = YES;
				CLANG_WARN_OBJC_IMPLICIT_RETAIN_SELF = YES;
				CLANG_WARN_OBJC_LITERAL_CONVERSION = YES;
				CLANG_WARN_OBJC_ROOT_CLASS = YES_ERROR;
				CLANG_WARN_RANGE_LOOP_ANALYSIS = YES;
				CLANG_WARN_STRICT_PROTOTYPES = YES;
				CLANG_WARN_SUSPICIOUS_MOVE = YES;
				CLANG_WARN_UNGUARDED_AVAILABILITY = YES_AGGRESSIVE;
				CLANG_WARN_UNREACHABLE_CODE = YES;
				CLANG_WARN__DUPLICATE_METHOD_MATCH = YES;
				CODE_SIGN_IDENTITY = "iPhone Developer";
				COPY_PHASE_STRIP = NO;
				DEBUG_INFORMATION_FORMAT = "dwarf-with-dsym";
				ENABLE_NS_ASSERTIONS = NO;
				ENABLE_STRICT_OBJC_MSGSEND = YES;
				GCC_C_LANGUAGE_STANDARD = gnu11;
				GCC_NO_COMMON_BLOCKS = YES;
				GCC_WARN_64_TO_32_BIT_CONVERSION = YES;
				GCC_WARN_ABOUT_RETURN_TYPE = YES_ERROR;
				GCC_WARN_UNDECLARED_SELECTOR = YES;
				GCC_WARN_UNINITIALIZED_AUTOS = YES_AGGRESSIVE;
				GCC_WARN_UNUSED_FUNCTION = YES;
				GCC_WARN_UNUSED_VARIABLE = YES;
				IPHONEOS_DEPLOYMENT_TARGET = 12.1;
				MTL_ENABLE_DEBUG_INFO = NO;
				MTL_FAST_MATH = YES;
				SDKROOT = iphoneos;
				SWIFT_COMPILATION_MODE = wholemodule;
				SWIFT_OPTIMIZATION_LEVEL = "-O";
				VALIDATE_PRODUCT = YES;
			};
			name = Release;
		};
		C993F23C21EC587900FC3FA1 /* Debug */ = {
			isa = XCBuildConfiguration;
			buildSettings = {
				ASSETCATALOG_COMPILER_APPICON_NAME = AppIcon;
				CODE_SIGN_STYLE = Automatic;
				INFOPLIST_FILE = ImagePressClass/Info.plist;
				IPHONEOS_DEPLOYMENT_TARGET = 11.0;
				LD_RUNPATH_SEARCH_PATHS = (
					"$(inherited)",
					"@executable_path/Frameworks",
				);
				PRODUCT_BUNDLE_IDENTIFIER = com.newplatform.ImagePressClass;
				PRODUCT_NAME = "$(TARGET_NAME)";
				SWIFT_VERSION = 4.2;
				TARGETED_DEVICE_FAMILY = "1,2";
			};
			name = Debug;
		};
		C993F23D21EC587900FC3FA1 /* Release */ = {
			isa = XCBuildConfiguration;
			buildSettings = {
				ASSETCATALOG_COMPILER_APPICON_NAME = AppIcon;
				CODE_SIGN_STYLE = Automatic;
				INFOPLIST_FILE = ImagePressClass/Info.plist;
				IPHONEOS_DEPLOYMENT_TARGET = 11.0;
				LD_RUNPATH_SEARCH_PATHS = (
					"$(inherited)",
					"@executable_path/Frameworks",
				);
				PRODUCT_BUNDLE_IDENTIFIER = com.newplatform.ImagePressClass;
				PRODUCT_NAME = "$(TARGET_NAME)";
				SWIFT_VERSION = 4.2;
				TARGETED_DEVICE_FAMILY = "1,2";
			};
			name = Release;
		};
/* End XCBuildConfiguration section */

/* Begin XCConfigurationList section */
		C993F22421EC587800FC3FA1 /* Build configuration list for PBXProject "ImagePressClass" */ = {
			isa = XCConfigurationList;
			buildConfigurations = (
				C993F23921EC587900FC3FA1 /* Debug */,
				C993F23A21EC587900FC3FA1 /* Release */,
			);
			defaultConfigurationIsVisible = 0;
			defaultConfigurationName = Release;
		};
		C993F23B21EC587900FC3FA1 /* Build configuration list for PBXNativeTarget "ImagePressClass" */ = {
			isa = XCConfigurationList;
			buildConfigurations = (
				C993F23C21EC587900FC3FA1 /* Debug */,
				C993F23D21EC587900FC3FA1 /* Release */,
			);
			defaultConfigurationIsVisible = 0;
			defaultConfigurationName = Release;
		};
/* End XCConfigurationList section */
	};
	rootObject = C993F22121EC587800FC3FA1 /* Project object */;
}
