// !$*UTF8*$!
{
	archiveVersion = 1;
	classes = {
	};
	objectVersion = 50;
	objects = {

/* Begin PBXBuildFile section */
		C98EA891222F5EA00092A988 /* AppDelegate.swift in Sources */ = {isa = PBXBuildFile; fileRef = C98EA890222F5EA00092A988 /* AppDelegate.swift */; };
		C98EA893222F5EA00092A988 /* ViewController.swift in Sources */ = {isa = PBXBuildFile; fileRef = C98EA892222F5EA00092A988 /* ViewController.swift */; };
		C98EA896222F5EA00092A988 /* Main.storyboard in Resources */ = {isa = PBXBuildFile; fileRef = C98EA894222F5EA00092A988 /* Main.storyboard */; };
		C98EA898222F5EA10092A988 /* Assets.xcassets in Resources */ = {isa = PBXBuildFile; fileRef = C98EA897222F5EA10092A988 /* Assets.xcassets */; };
		C98EA89B222F5EA10092A988 /* LaunchScreen.storyboard in Resources */ = {isa = PBXBuildFile; fileRef = C98EA899222F5EA10092A988 /* LaunchScreen.storyboard */; };
		C98EA8A3222F612D0092A988 /* ThreadViewCtr.swift in Sources */ = {isa = PBXBuildFile; fileRef = C98EA8A2222F612D0092A988 /* ThreadViewCtr.swift */; };
		C98EA8A8222F6B6F0092A988 /* CModel.swift in Sources */ = {isa = PBXBuildFile; fileRef = C98EA8A7222F6B6F0092A988 /* CModel.swift */; };
		C98EA8AB222F93CB0092A988 /* OperationBaseViewCtr.swift in Sources */ = {isa = PBXBuildFile; fileRef = C98EA8AA222F93CB0092A988 /* OperationBaseViewCtr.swift */; };
		C98EA8AD222FA2D60092A988 /* COperation.swift in Sources */ = {isa = PBXBuildFile; fileRef = C98EA8AC222FA2D60092A988 /* COperation.swift */; };
		C98EA8AF222FA3C70092A988 /* OperationViewCtr.swift in Sources */ = {isa = PBXBuildFile; fileRef = C98EA8AE222FA3C70092A988 /* OperationViewCtr.swift */; };
		C98EA8B1222FBBB10092A988 /* CancelOperation.swift in Sources */ = {isa = PBXBuildFile; fileRef = C98EA8B0222FBBB10092A988 /* CancelOperation.swift */; };
		C98EA8B4222FC0180092A988 /* GCDViewCtr.swift in Sources */ = {isa = PBXBuildFile; fileRef = C98EA8B3222FC0180092A988 /* GCDViewCtr.swift */; };
/* End PBXBuildFile section */

/* Begin PBXFileReference section */
		C98EA88D222F5EA00092A988 /* ThreadClass.app */ = {isa = PBXFileReference; explicitFileType = wrapper.application; includeInIndex = 0; path = ThreadClass.app; sourceTree = BUILT_PRODUCTS_DIR; };
		C98EA890222F5EA00092A988 /* AppDelegate.swift */ = {isa = PBXFileReference; lastKnownFileType = sourcecode.swift; path = AppDelegate.swift; sourceTree = "<group>"; };
		C98EA892222F5EA00092A988 /* ViewController.swift */ = {isa = PBXFileReference; lastKnownFileType = sourcecode.swift; path = ViewController.swift; sourceTree = "<group>"; };
		C98EA895222F5EA00092A988 /* Base */ = {isa = PBXFileReference; lastKnownFileType = file.storyboard; name = Base; path = Base.lproj/Main.storyboard; sourceTree = "<group>"; };
		C98EA897222F5EA10092A988 /* Assets.xcassets */ = {isa = PBXFileReference; lastKnownFileType = folder.assetcatalog; path = Assets.xcassets; sourceTree = "<group>"; };
		C98EA89A222F5EA10092A988 /* Base */ = {isa = PBXFileReference; lastKnownFileType = file.storyboard; name = Base; path = Base.lproj/LaunchScreen.storyboard; sourceTree = "<group>"; };
		C98EA89C222F5EA10092A988 /* Info.plist */ = {isa = PBXFileReference; lastKnownFileType = text.plist.xml; path = Info.plist; sourceTree = "<group>"; };
		C98EA8A2222F612D0092A988 /* ThreadViewCtr.swift */ = {isa = PBXFileReference; lastKnownFileType = sourcecode.swift; path = ThreadViewCtr.swift; sourceTree = "<group>"; };
		C98EA8A7222F6B6F0092A988 /* CModel.swift */ = {isa = PBXFileReference; lastKnownFileType = sourcecode.swift; path = CModel.swift; sourceTree = "<group>"; };
		C98EA8AA222F93CB0092A988 /* OperationBaseViewCtr.swift */ = {isa = PBXFileReference; lastKnownFileType = sourcecode.swift; path = OperationBaseViewCtr.swift; sourceTree = "<group>"; };
		C98EA8AC222FA2D60092A988 /* COperation.swift */ = {isa = PBXFileReference; lastKnownFileType = sourcecode.swift; path = COperation.swift; sourceTree = "<group>"; };
		C98EA8AE222FA3C70092A988 /* OperationViewCtr.swift */ = {isa = PBXFileReference; lastKnownFileType = sourcecode.swift; path = OperationViewCtr.swift; sourceTree = "<group>"; };
		C98EA8B0222FBBB10092A988 /* CancelOperation.swift */ = {isa = PBXFileReference; lastKnownFileType = sourcecode.swift; path = CancelOperation.swift; sourceTree = "<group>"; };
		C98EA8B3222FC0180092A988 /* GCDViewCtr.swift */ = {isa = PBXFileReference; lastKnownFileType = sourcecode.swift; path = GCDViewCtr.swift; sourceTree = "<group>"; };
/* End PBXFileReference section */

/* Begin PBXFrameworksBuildPhase section */
		C98EA88A222F5EA00092A988 /* Frameworks */ = {
			isa = PBXFrameworksBuildPhase;
			buildActionMask = 2147483647;
			files = (
			);
			runOnlyForDeploymentPostprocessing = 0;
		};
/* End PBXFrameworksBuildPhase section */

/* Begin PBXGroup section */
		C98EA884222F5EA00092A988 = {
			isa = PBXGroup;
			children = (
				C98EA88F222F5EA00092A988 /* ThreadClass */,
				C98EA88E222F5EA00092A988 /* Products */,
			);
			sourceTree = "<group>";
		};
		C98EA88E222F5EA00092A988 /* Products */ = {
			isa = PBXGroup;
			children = (
				C98EA88D222F5EA00092A988 /* ThreadClass.app */,
			);
			name = Products;
			sourceTree = "<group>";
		};
		C98EA88F222F5EA00092A988 /* ThreadClass */ = {
			isa = PBXGroup;
			children = (
				C98EA890222F5EA00092A988 /* AppDelegate.swift */,
				C98EA892222F5EA00092A988 /* ViewController.swift */,
				C98EA8B2222FC0040092A988 /* GCD */,
				C98EA8A9222F93B20092A988 /* Operation */,
				C98EA8A4222F664A0092A988 /* Thread */,
				C98EA894222F5EA00092A988 /* Main.storyboard */,
				C98EA897222F5EA10092A988 /* Assets.xcassets */,
				C98EA899222F5EA10092A988 /* LaunchScreen.storyboard */,
				C98EA89C222F5EA10092A988 /* Info.plist */,
			);
			path = ThreadClass;
			sourceTree = "<group>";
		};
		C98EA8A4222F664A0092A988 /* Thread */ = {
			isa = PBXGroup;
			children = (
				C98EA8A2222F612D0092A988 /* ThreadViewCtr.swift */,
				C98EA8A7222F6B6F0092A988 /* CModel.swift */,
			);
			path = Thread;
			sourceTree = "<group>";
		};
		C98EA8A9222F93B20092A988 /* Operation */ = {
			isa = PBXGroup;
			children = (
				C98EA8AA222F93CB0092A988 /* OperationBaseViewCtr.swift */,
				C98EA8AE222FA3C70092A988 /* OperationViewCtr.swift */,
				C98EA8AC222FA2D60092A988 /* COperation.swift */,
				C98EA8B0222FBBB10092A988 /* CancelOperation.swift */,
			);
			path = Operation;
			sourceTree = "<group>";
		};
		C98EA8B2222FC0040092A988 /* GCD */ = {
			isa = PBXGroup;
			children = (
				C98EA8B3222FC0180092A988 /* GCDViewCtr.swift */,
			);
			path = GCD;
			sourceTree = "<group>";
		};
/* End PBXGroup section */

/* Begin PBXNativeTarget section */
		C98EA88C222F5EA00092A988 /* ThreadClass */ = {
			isa = PBXNativeTarget;
			buildConfigurationList = C98EA89F222F5EA10092A988 /* Build configuration list for PBXNativeTarget "ThreadClass" */;
			buildPhases = (
				C98EA889222F5EA00092A988 /* Sources */,
				C98EA88A222F5EA00092A988 /* Frameworks */,
				C98EA88B222F5EA00092A988 /* Resources */,
			);
			buildRules = (
			);
			dependencies = (
			);
			name = ThreadClass;
			productName = ThreadClass;
			productReference = C98EA88D222F5EA00092A988 /* ThreadClass.app */;
			productType = "com.apple.product-type.application";
		};
/* End PBXNativeTarget section */

/* Begin PBXProject section */
		C98EA885222F5EA00092A988 /* Project object */ = {
			isa = PBXProject;
			attributes = {
				LastSwiftUpdateCheck = 1010;
				LastUpgradeCheck = 1010;
				ORGANIZATIONNAME = nb;
				TargetAttributes = {
					C98EA88C222F5EA00092A988 = {
						CreatedOnToolsVersion = 10.1;
					};
				};
			};
			buildConfigurationList = C98EA888222F5EA00092A988 /* Build configuration list for PBXProject "ThreadClass" */;
			compatibilityVersion = "Xcode 9.3";
			developmentRegion = en;
			hasScannedForEncodings = 0;
			knownRegions = (
				en,
				Base,
			);
			mainGroup = C98EA884222F5EA00092A988;
			productRefGroup = C98EA88E222F5EA00092A988 /* Products */;
			projectDirPath = "";
			projectRoot = "";
			targets = (
				C98EA88C222F5EA00092A988 /* ThreadClass */,
			);
		};
/* End PBXProject section */

/* Begin PBXResourcesBuildPhase section */
		C98EA88B222F5EA00092A988 /* Resources */ = {
			isa = PBXResourcesBuildPhase;
			buildActionMask = 2147483647;
			files = (
				C98EA89B222F5EA10092A988 /* LaunchScreen.storyboard in Resources */,
				C98EA898222F5EA10092A988 /* Assets.xcassets in Resources */,
				C98EA896222F5EA00092A988 /* Main.storyboard in Resources */,
			);
			runOnlyForDeploymentPostprocessing = 0;
		};
/* End PBXResourcesBuildPhase section */

/* Begin PBXSourcesBuildPhase section */
		C98EA889222F5EA00092A988 /* Sources */ = {
			isa = PBXSourcesBuildPhase;
			buildActionMask = 2147483647;
			files = (
				C98EA8AB222F93CB0092A988 /* OperationBaseViewCtr.swift in Sources */,
				C98EA8AF222FA3C70092A988 /* OperationViewCtr.swift in Sources */,
				C98EA8B4222FC0180092A988 /* GCDViewCtr.swift in Sources */,
				C98EA8AD222FA2D60092A988 /* COperation.swift in Sources */,
				C98EA893222F5EA00092A988 /* ViewController.swift in Sources */,
				C98EA891222F5EA00092A988 /* AppDelegate.swift in Sources */,
				C98EA8A3222F612D0092A988 /* ThreadViewCtr.swift in Sources */,
				C98EA8A8222F6B6F0092A988 /* CModel.swift in Sources */,
				C98EA8B1222FBBB10092A988 /* CancelOperation.swift in Sources */,
			);
			runOnlyForDeploymentPostprocessing = 0;
		};
/* End PBXSourcesBuildPhase section */

/* Begin PBXVariantGroup section */
		C98EA894222F5EA00092A988 /* Main.storyboard */ = {
			isa = PBXVariantGroup;
			children = (
				C98EA895222F5EA00092A988 /* Base */,
			);
			name = Main.storyboard;
			sourceTree = "<group>";
		};
		C98EA899222F5EA10092A988 /* LaunchScreen.storyboard */ = {
			isa = PBXVariantGroup;
			children = (
				C98EA89A222F5EA10092A988 /* Base */,
			);
			name = LaunchScreen.storyboard;
			sourceTree = "<group>";
		};
/* End PBXVariantGroup section */

/* Begin XCBuildConfiguration section */
		C98EA89D222F5EA10092A988 /* Debug */ = {
			isa = XCBuildConfiguration;
			buildSettings = {
				ALWAYS_SEARCH_USER_PATHS = NO;
				CLANG_ANALYZER_NONNULL = YES;
				CLANG_ANALYZER_NUMBER_OBJECT_CONVERSION = YES_AGGRESSIVE;
				CLANG_CXX_LANGUAGE_STANDARD = "gnu++14";
				CLANG_CXX_LIBRARY = "libc++";
				CLANG_ENABLE_MODULES = YES;
				CLANG_ENABLE_OBJC_ARC = YES;
				CLANG_ENABLE_OBJC_WEAK = YES;
				CLANG_WARN_BLOCK_CAPTURE_AUTORELEASING = YES;
				CLANG_WARN_BOOL_CONVERSION = YES;
				CLANG_WARN_COMMA = YES;
				CLANG_WARN_CONSTANT_CONVERSION = YES;
				CLANG_WARN_DEPRECATED_OBJC_IMPLEMENTATIONS = YES;
				CLANG_WARN_DIRECT_OBJC_ISA_USAGE = YES_ERROR;
				CLANG_WARN_DOCUMENTATION_COMMENTS = YES;
				CLANG_WARN_EMPTY_BODY = YES;
				CLANG_WARN_ENUM_CONVERSION = YES;
				CLANG_WARN_INFINITE_RECURSION = YES;
				CLANG_WARN_INT_CONVERSION = YES;
				CLANG_WARN_NON_LITERAL_NULL_CONVERSION = YES;
				CLANG_WARN_OBJC_IMPLICIT_RETAIN_SELF = YES;
				CLANG_WARN_OBJC_LITERAL_CONVERSION = YES;
				CLANG_WARN_OBJC_ROOT_CLASS = YES_ERROR;
				CLANG_WARN_RANGE_LOOP_ANALYSIS = YES;
				CLANG_WARN_STRICT_PROTOTYPES = YES;
				CLANG_WARN_SUSPICIOUS_MOVE = YES;
				CLANG_WARN_UNGUARDED_AVAILABILITY = YES_AGGRESSIVE;
				CLANG_WARN_UNREACHABLE_CODE = YES;
				CLANG_WARN__DUPLICATE_METHOD_MATCH = YES;
				CODE_SIGN_IDENTITY = "iPhone Developer";
				COPY_PHASE_STRIP = NO;
				DEBUG_INFORMATION_FORMAT = dwarf;
				ENABLE_STRICT_OBJC_MSGSEND = YES;
				ENABLE_TESTABILITY = YES;
				GCC_C_LANGUAGE_STANDARD = gnu11;
				GCC_DYNAMIC_NO_PIC = NO;
				GCC_NO_COMMON_BLOCKS = YES;
				GCC_OPTIMIZATION_LEVEL = 0;
				GCC_PREPROCESSOR_DEFINITIONS = (
					"DEBUG=1",
					"$(inherited)",
				);
				GCC_WARN_64_TO_32_BIT_CONVERSION = YES;
				GCC_WARN_ABOUT_RETURN_TYPE = YES_ERROR;
				GCC_WARN_UNDECLARED_SELECTOR = YES;
				GCC_WARN_UNINITIALIZED_AUTOS = YES_AGGRESSIVE;
				GCC_WARN_UNUSED_FUNCTION = YES;
				GCC_WARN_UNUSED_VARIABLE = YES;
				IPHONEOS_DEPLOYMENT_TARGET = 12.1;
				MTL_ENABLE_DEBUG_INFO = INCLUDE_SOURCE;
				MTL_FAST_MATH = YES;
				ONLY_ACTIVE_ARCH = YES;
				SDKROOT = iphoneos;
				SWIFT_ACTIVE_COMPILATION_CONDITIONS = DEBUG;
				SWIFT_OPTIMIZATION_LEVEL = "-Onone";
			};
			name = Debug;
		};
		C98EA89E222F5EA10092A988 /* Release */ = {
			isa = XCBuildConfiguration;
			buildSettings = {
				ALWAYS_SEARCH_USER_PATHS = NO;
				CLANG_ANALYZER_NONNULL = YES;
				CLANG_ANALYZER_NUMBER_OBJECT_CONVERSION = YES_AGGRESSIVE;
				CLANG_CXX_LANGUAGE_STANDARD = "gnu++14";
				CLANG_CXX_LIBRARY = "libc++";
				CLANG_ENABLE_MODULES = YES;
				CLANG_ENABLE_OBJC_ARC = YES;
				CLANG_ENABLE_OBJC_WEAK = YES;
				CLANG_WARN_BLOCK_CAPTURE_AUTORELEASING = YES;
				CLANG_WARN_BOOL_CONVERSION = YES;
				CLANG_WARN_COMMA = YES;
				CLANG_WARN_CONSTANT_CONVERSION = YES;
				CLANG_WARN_DEPRECATED_OBJC_IMPLEMENTATIONS = YES;
				CLANG_WARN_DIRECT_OBJC_ISA_USAGE = YES_ERROR;
				CLANG_WARN_DOCUMENTATION_COMMENTS = YES;
				CLANG_WARN_EMPTY_BODY = YES;
				CLANG_WARN_ENUM_CONVERSION = YES;
				CLANG_WARN_INFINITE_RECURSION = YES;
				CLANG_WARN_INT_CONVERSION = YES;
				CLANG_WARN_NON_LITERAL_NULL_CONVERSION = YES;
				CLANG_WARN_OBJC_IMPLICIT_RETAIN_SELF = YES;
				CLANG_WARN_OBJC_LITERAL_CONVERSION = YES;
				CLANG_WARN_OBJC_ROOT_CLASS = YES_ERROR;
				CLANG_WARN_RANGE_LOOP_ANALYSIS = YES;
				CLANG_WARN_STRICT_PROTOTYPES = YES;
				CLANG_WARN_SUSPICIOUS_MOVE = YES;
				CLANG_WARN_UNGUARDED_AVAILABILITY = YES_AGGRESSIVE;
				CLANG_WARN_UNREACHABLE_CODE = YES;
				CLANG_WARN__DUPLICATE_METHOD_MATCH = YES;
				CODE_SIGN_IDENTITY = "iPhone Developer";
				COPY_PHASE_STRIP = NO;
				DEBUG_INFORMATION_FORMAT = "dwarf-with-dsym";
				ENABLE_NS_ASSERTIONS = NO;
				ENABLE_STRICT_OBJC_MSGSEND = YES;
				GCC_C_LANGUAGE_STANDARD = gnu11;
				GCC_NO_COMMON_BLOCKS = YES;
				GCC_WARN_64_TO_32_BIT_CONVERSION = YES;
				GCC_WARN_ABOUT_RETURN_TYPE = YES_ERROR;
				GCC_WARN_UNDECLARED_SELECTOR = YES;
				GCC_WARN_UNINITIALIZED_AUTOS = YES_AGGRESSIVE;
				GCC_WARN_UNUSED_FUNCTION = YES;
				GCC_WARN_UNUSED_VARIABLE = YES;
				IPHONEOS_DEPLOYMENT_TARGET = 12.1;
				MTL_ENABLE_DEBUG_INFO = NO;
				MTL_FAST_MATH = YES;
				SDKROOT = iphoneos;
				SWIFT_COMPILATION_MODE = wholemodule;
				SWIFT_OPTIMIZATION_LEVEL = "-O";
				VALIDATE_PRODUCT = YES;
			};
			name = Release;
		};
		C98EA8A0222F5EA10092A988 /* Debug */ = {
			isa = XCBuildConfiguration;
			buildSettings = {
				ASSETCATALOG_COMPILER_APPICON_NAME = AppIcon;
				CODE_SIGN_STYLE = Automatic;
				INFOPLIST_FILE = ThreadClass/Info.plist;
				IPHONEOS_DEPLOYMENT_TARGET = 10.0;
				LD_RUNPATH_SEARCH_PATHS = (
					"$(inherited)",
					"@executable_path/Frameworks",
				);
				PRODUCT_BUNDLE_IDENTIFIER = com.common.ThreadClass;
				PRODUCT_NAME = "$(TARGET_NAME)";
				SWIFT_VERSION = 4.2;
				TARGETED_DEVICE_FAMILY = "1,2";
			};
			name = Debug;
		};
		C98EA8A1222F5EA10092A988 /* Release */ = {
			isa = XCBuildConfiguration;
			buildSettings = {
				ASSETCATALOG_COMPILER_APPICON_NAME = AppIcon;
				CODE_SIGN_STYLE = Automatic;
				INFOPLIST_FILE = ThreadClass/Info.plist;
				IPHONEOS_DEPLOYMENT_TARGET = 10.0;
				LD_RUNPATH_SEARCH_PATHS = (
					"$(inherited)",
					"@executable_path/Frameworks",
				);
				PRODUCT_BUNDLE_IDENTIFIER = com.common.ThreadClass;
				PRODUCT_NAME = "$(TARGET_NAME)";
				SWIFT_VERSION = 4.2;
				TARGETED_DEVICE_FAMILY = "1,2";
			};
			name = Release;
		};
/* End XCBuildConfiguration section */

/* Begin XCConfigurationList section */
		C98EA888222F5EA00092A988 /* Build configuration list for PBXProject "ThreadClass" */ = {
			isa = XCConfigurationList;
			buildConfigurations = (
				C98EA89D222F5EA10092A988 /* Debug */,
				C98EA89E222F5EA10092A988 /* Release */,
			);
			defaultConfigurationIsVisible = 0;
			defaultConfigurationName = Release;
		};
		C98EA89F222F5EA10092A988 /* Build configuration list for PBXNativeTarget "ThreadClass" */ = {
			isa = XCConfigurationList;
			buildConfigurations = (
				C98EA8A0222F5EA10092A988 /* Debug */,
				C98EA8A1222F5EA10092A988 /* Release */,
			);
			defaultConfigurationIsVisible = 0;
			defaultConfigurationName = Release;
		};
/* End XCConfigurationList section */
	};
	rootObject = C98EA885222F5EA00092A988 /* Project object */;
}
