// !$*UTF8*$!
{
	archiveVersion = 1;
	classes = {
	};
	objectVersion = 50;
	objects = {

/* Begin PBXBuildFile section */
		C993F1FB21E88D1F00FC3FA1 /* AppDelegate.swift in Sources */ = {isa = PBXBuildFile; fileRef = C993F1FA21E88D1F00FC3FA1 /* AppDelegate.swift */; };
		C993F1FD21E88D1F00FC3FA1 /* ViewController.swift in Sources */ = {isa = PBXBuildFile; fileRef = C993F1FC21E88D1F00FC3FA1 /* ViewController.swift */; };
		C993F20021E88D1F00FC3FA1 /* Main.storyboard in Resources */ = {isa = PBXBuildFile; fileRef = C993F1FE21E88D1F00FC3FA1 /* Main.storyboard */; };
		C993F20221E88D2100FC3FA1 /* Assets.xcassets in Resources */ = {isa = PBXBuildFile; fileRef = C993F20121E88D2100FC3FA1 /* Assets.xcassets */; };
		C993F20521E88D2100FC3FA1 /* LaunchScreen.storyboard in Resources */ = {isa = PBXBuildFile; fileRef = C993F20321E88D2100FC3FA1 /* LaunchScreen.storyboard */; };
		C993F20D21E88DC400FC3FA1 /* NavAnimation.swift in Sources */ = {isa = PBXBuildFile; fileRef = C993F20C21E88DC400FC3FA1 /* NavAnimation.swift */; };
		C993F20F21E88E0800FC3FA1 /* AnimationNavigationCtr.swift in Sources */ = {isa = PBXBuildFile; fileRef = C993F20E21E88E0800FC3FA1 /* AnimationNavigationCtr.swift */; };
		C993F21221E88E3700FC3FA1 /* NavAdvanceAnimaViewCtr.swift in Sources */ = {isa = PBXBuildFile; fileRef = C993F21121E88E3700FC3FA1 /* NavAdvanceAnimaViewCtr.swift */; };
		C993F21421E88E4B00FC3FA1 /* SecondViewCtr.swift in Sources */ = {isa = PBXBuildFile; fileRef = C993F21321E88E4B00FC3FA1 /* SecondViewCtr.swift */; };
		C993F21721EC21F400FC3FA1 /* AllTransulateViewCtr.swift in Sources */ = {isa = PBXBuildFile; fileRef = C993F21621EC21F400FC3FA1 /* AllTransulateViewCtr.swift */; };
		C993F21921EC227B00FC3FA1 /* 111@2x.png in Resources */ = {isa = PBXBuildFile; fileRef = C993F21821EC227B00FC3FA1 /* 111@2x.png */; };
		C993F21B21EC2A5C00FC3FA1 /* HiddenNavViewCtr.swift in Sources */ = {isa = PBXBuildFile; fileRef = C993F21A21EC2A5C00FC3FA1 /* HiddenNavViewCtr.swift */; };
		C993F21D21EC2A7F00FC3FA1 /* ThreeViewCtr.swift in Sources */ = {isa = PBXBuildFile; fileRef = C993F21C21EC2A7F00FC3FA1 /* ThreeViewCtr.swift */; };
		C993F21F21EC2D9100FC3FA1 /* LeftButtonViewCtr.swift in Sources */ = {isa = PBXBuildFile; fileRef = C993F21E21EC2D9100FC3FA1 /* LeftButtonViewCtr.swift */; };
/* End PBXBuildFile section */

/* Begin PBXFileReference section */
		C993F1F721E88D1F00FC3FA1 /* NavAnimation.app */ = {isa = PBXFileReference; explicitFileType = wrapper.application; includeInIndex = 0; path = NavAnimation.app; sourceTree = BUILT_PRODUCTS_DIR; };
		C993F1FA21E88D1F00FC3FA1 /* AppDelegate.swift */ = {isa = PBXFileReference; lastKnownFileType = sourcecode.swift; path = AppDelegate.swift; sourceTree = "<group>"; };
		C993F1FC21E88D1F00FC3FA1 /* ViewController.swift */ = {isa = PBXFileReference; lastKnownFileType = sourcecode.swift; path = ViewController.swift; sourceTree = "<group>"; };
		C993F1FF21E88D1F00FC3FA1 /* Base */ = {isa = PBXFileReference; lastKnownFileType = file.storyboard; name = Base; path = Base.lproj/Main.storyboard; sourceTree = "<group>"; };
		C993F20121E88D2100FC3FA1 /* Assets.xcassets */ = {isa = PBXFileReference; lastKnownFileType = folder.assetcatalog; path = Assets.xcassets; sourceTree = "<group>"; };
		C993F20421E88D2100FC3FA1 /* Base */ = {isa = PBXFileReference; lastKnownFileType = file.storyboard; name = Base; path = Base.lproj/LaunchScreen.storyboard; sourceTree = "<group>"; };
		C993F20621E88D2100FC3FA1 /* Info.plist */ = {isa = PBXFileReference; lastKnownFileType = text.plist.xml; path = Info.plist; sourceTree = "<group>"; };
		C993F20C21E88DC400FC3FA1 /* NavAnimation.swift */ = {isa = PBXFileReference; lastKnownFileType = sourcecode.swift; path = NavAnimation.swift; sourceTree = "<group>"; };
		C993F20E21E88E0800FC3FA1 /* AnimationNavigationCtr.swift */ = {isa = PBXFileReference; lastKnownFileType = sourcecode.swift; path = AnimationNavigationCtr.swift; sourceTree = "<group>"; };
		C993F21121E88E3700FC3FA1 /* NavAdvanceAnimaViewCtr.swift */ = {isa = PBXFileReference; lastKnownFileType = sourcecode.swift; path = NavAdvanceAnimaViewCtr.swift; sourceTree = "<group>"; };
		C993F21321E88E4B00FC3FA1 /* SecondViewCtr.swift */ = {isa = PBXFileReference; lastKnownFileType = sourcecode.swift; path = SecondViewCtr.swift; sourceTree = "<group>"; };
		C993F21621EC21F400FC3FA1 /* AllTransulateViewCtr.swift */ = {isa = PBXFileReference; lastKnownFileType = sourcecode.swift; path = AllTransulateViewCtr.swift; sourceTree = "<group>"; };
		C993F21821EC227B00FC3FA1 /* 111@2x.png */ = {isa = PBXFileReference; lastKnownFileType = image.png; path = "111@2x.png"; sourceTree = "<group>"; };
		C993F21A21EC2A5C00FC3FA1 /* HiddenNavViewCtr.swift */ = {isa = PBXFileReference; lastKnownFileType = sourcecode.swift; path = HiddenNavViewCtr.swift; sourceTree = "<group>"; };
		C993F21C21EC2A7F00FC3FA1 /* ThreeViewCtr.swift */ = {isa = PBXFileReference; lastKnownFileType = sourcecode.swift; path = ThreeViewCtr.swift; sourceTree = "<group>"; };
		C993F21E21EC2D9100FC3FA1 /* LeftButtonViewCtr.swift */ = {isa = PBXFileReference; lastKnownFileType = sourcecode.swift; path = LeftButtonViewCtr.swift; sourceTree = "<group>"; };
/* End PBXFileReference section */

/* Begin PBXFrameworksBuildPhase section */
		C993F1F421E88D1F00FC3FA1 /* Frameworks */ = {
			isa = PBXFrameworksBuildPhase;
			buildActionMask = 2147483647;
			files = (
			);
			runOnlyForDeploymentPostprocessing = 0;
		};
/* End PBXFrameworksBuildPhase section */

/* Begin PBXGroup section */
		C993F1EE21E88D1F00FC3FA1 = {
			isa = PBXGroup;
			children = (
				C993F1F921E88D1F00FC3FA1 /* NavAnimation */,
				C993F1F821E88D1F00FC3FA1 /* Products */,
			);
			sourceTree = "<group>";
		};
		C993F1F821E88D1F00FC3FA1 /* Products */ = {
			isa = PBXGroup;
			children = (
				C993F1F721E88D1F00FC3FA1 /* NavAnimation.app */,
			);
			name = Products;
			sourceTree = "<group>";
		};
		C993F1F921E88D1F00FC3FA1 /* NavAnimation */ = {
			isa = PBXGroup;
			children = (
				C993F1FA21E88D1F00FC3FA1 /* AppDelegate.swift */,
				C993F1FC21E88D1F00FC3FA1 /* ViewController.swift */,
				C993F1FE21E88D1F00FC3FA1 /* Main.storyboard */,
				C993F20C21E88DC400FC3FA1 /* NavAnimation.swift */,
				C993F20E21E88E0800FC3FA1 /* AnimationNavigationCtr.swift */,
				C993F21521EC218A00FC3FA1 /* Apply */,
				C993F21021E88E1C00FC3FA1 /* Animation */,
				C993F20121E88D2100FC3FA1 /* Assets.xcassets */,
				C993F20321E88D2100FC3FA1 /* LaunchScreen.storyboard */,
				C993F21821EC227B00FC3FA1 /* 111@2x.png */,
				C993F20621E88D2100FC3FA1 /* Info.plist */,
			);
			path = NavAnimation;
			sourceTree = "<group>";
		};
		C993F21021E88E1C00FC3FA1 /* Animation */ = {
			isa = PBXGroup;
			children = (
				C993F21121E88E3700FC3FA1 /* NavAdvanceAnimaViewCtr.swift */,
				C993F21321E88E4B00FC3FA1 /* SecondViewCtr.swift */,
			);
			path = Animation;
			sourceTree = "<group>";
		};
		C993F21521EC218A00FC3FA1 /* Apply */ = {
			isa = PBXGroup;
			children = (
				C993F21621EC21F400FC3FA1 /* AllTransulateViewCtr.swift */,
				C993F21A21EC2A5C00FC3FA1 /* HiddenNavViewCtr.swift */,
				C993F21C21EC2A7F00FC3FA1 /* ThreeViewCtr.swift */,
				C993F21E21EC2D9100FC3FA1 /* LeftButtonViewCtr.swift */,
			);
			path = Apply;
			sourceTree = "<group>";
		};
/* End PBXGroup section */

/* Begin PBXNativeTarget section */
		C993F1F621E88D1F00FC3FA1 /* NavAnimation */ = {
			isa = PBXNativeTarget;
			buildConfigurationList = C993F20921E88D2100FC3FA1 /* Build configuration list for PBXNativeTarget "NavAnimation" */;
			buildPhases = (
				C993F1F321E88D1F00FC3FA1 /* Sources */,
				C993F1F421E88D1F00FC3FA1 /* Frameworks */,
				C993F1F521E88D1F00FC3FA1 /* Resources */,
			);
			buildRules = (
			);
			dependencies = (
			);
			name = NavAnimation;
			productName = NavAnimation;
			productReference = C993F1F721E88D1F00FC3FA1 /* NavAnimation.app */;
			productType = "com.apple.product-type.application";
		};
/* End PBXNativeTarget section */

/* Begin PBXProject section */
		C993F1EF21E88D1F00FC3FA1 /* Project object */ = {
			isa = PBXProject;
			attributes = {
				LastSwiftUpdateCheck = 1010;
				LastUpgradeCheck = 1010;
				ORGANIZATIONNAME = newplatform;
				TargetAttributes = {
					C993F1F621E88D1F00FC3FA1 = {
						CreatedOnToolsVersion = 10.1;
					};
				};
			};
			buildConfigurationList = C993F1F221E88D1F00FC3FA1 /* Build configuration list for PBXProject "NavAnimation" */;
			compatibilityVersion = "Xcode 9.3";
			developmentRegion = en;
			hasScannedForEncodings = 0;
			knownRegions = (
				en,
				Base,
			);
			mainGroup = C993F1EE21E88D1F00FC3FA1;
			productRefGroup = C993F1F821E88D1F00FC3FA1 /* Products */;
			projectDirPath = "";
			projectRoot = "";
			targets = (
				C993F1F621E88D1F00FC3FA1 /* NavAnimation */,
			);
		};
/* End PBXProject section */

/* Begin PBXResourcesBuildPhase section */
		C993F1F521E88D1F00FC3FA1 /* Resources */ = {
			isa = PBXResourcesBuildPhase;
			buildActionMask = 2147483647;
			files = (
				C993F20521E88D2100FC3FA1 /* LaunchScreen.storyboard in Resources */,
				C993F20221E88D2100FC3FA1 /* Assets.xcassets in Resources */,
				C993F21921EC227B00FC3FA1 /* 111@2x.png in Resources */,
				C993F20021E88D1F00FC3FA1 /* Main.storyboard in Resources */,
			);
			runOnlyForDeploymentPostprocessing = 0;
		};
/* End PBXResourcesBuildPhase section */

/* Begin PBXSourcesBuildPhase section */
		C993F1F321E88D1F00FC3FA1 /* Sources */ = {
			isa = PBXSourcesBuildPhase;
			buildActionMask = 2147483647;
			files = (
				C993F20F21E88E0800FC3FA1 /* AnimationNavigationCtr.swift in Sources */,
				C993F1FD21E88D1F00FC3FA1 /* ViewController.swift in Sources */,
				C993F21421E88E4B00FC3FA1 /* SecondViewCtr.swift in Sources */,
				C993F21221E88E3700FC3FA1 /* NavAdvanceAnimaViewCtr.swift in Sources */,
				C993F21D21EC2A7F00FC3FA1 /* ThreeViewCtr.swift in Sources */,
				C993F20D21E88DC400FC3FA1 /* NavAnimation.swift in Sources */,
				C993F1FB21E88D1F00FC3FA1 /* AppDelegate.swift in Sources */,
				C993F21F21EC2D9100FC3FA1 /* LeftButtonViewCtr.swift in Sources */,
				C993F21B21EC2A5C00FC3FA1 /* HiddenNavViewCtr.swift in Sources */,
				C993F21721EC21F400FC3FA1 /* AllTransulateViewCtr.swift in Sources */,
			);
			runOnlyForDeploymentPostprocessing = 0;
		};
/* End PBXSourcesBuildPhase section */

/* Begin PBXVariantGroup section */
		C993F1FE21E88D1F00FC3FA1 /* Main.storyboard */ = {
			isa = PBXVariantGroup;
			children = (
				C993F1FF21E88D1F00FC3FA1 /* Base */,
			);
			name = Main.storyboard;
			sourceTree = "<group>";
		};
		C993F20321E88D2100FC3FA1 /* LaunchScreen.storyboard */ = {
			isa = PBXVariantGroup;
			children = (
				C993F20421E88D2100FC3FA1 /* Base */,
			);
			name = LaunchScreen.storyboard;
			sourceTree = "<group>";
		};
/* End PBXVariantGroup section */

/* Begin XCBuildConfiguration section */
		C993F20721E88D2100FC3FA1 /* Debug */ = {
			isa = XCBuildConfiguration;
			buildSettings = {
				ALWAYS_SEARCH_USER_PATHS = NO;
				CLANG_ANALYZER_NONNULL = YES;
				CLANG_ANALYZER_NUMBER_OBJECT_CONVERSION = YES_AGGRESSIVE;
				CLANG_CXX_LANGUAGE_STANDARD = "gnu++14";
				CLANG_CXX_LIBRARY = "libc++";
				CLANG_ENABLE_MODULES = YES;
				CLANG_ENABLE_OBJC_ARC = YES;
				CLANG_ENABLE_OBJC_WEAK = YES;
				CLANG_WARN_BLOCK_CAPTURE_AUTORELEASING = YES;
				CLANG_WARN_BOOL_CONVERSION = YES;
				CLANG_WARN_COMMA = YES;
				CLANG_WARN_CONSTANT_CONVERSION = YES;
				CLANG_WARN_DEPRECATED_OBJC_IMPLEMENTATIONS = YES;
				CLANG_WARN_DIRECT_OBJC_ISA_USAGE = YES_ERROR;
				CLANG_WARN_DOCUMENTATION_COMMENTS = YES;
				CLANG_WARN_EMPTY_BODY = YES;
				CLANG_WARN_ENUM_CONVERSION = YES;
				CLANG_WARN_INFINITE_RECURSION = YES;
				CLANG_WARN_INT_CONVERSION = YES;
				CLANG_WARN_NON_LITERAL_NULL_CONVERSION = YES;
				CLANG_WARN_OBJC_IMPLICIT_RETAIN_SELF = YES;
				CLANG_WARN_OBJC_LITERAL_CONVERSION = YES;
				CLANG_WARN_OBJC_ROOT_CLASS = YES_ERROR;
				CLANG_WARN_RANGE_LOOP_ANALYSIS = YES;
				CLANG_WARN_STRICT_PROTOTYPES = YES;
				CLANG_WARN_SUSPICIOUS_MOVE = YES;
				CLANG_WARN_UNGUARDED_AVAILABILITY = YES_AGGRESSIVE;
				CLANG_WARN_UNREACHABLE_CODE = YES;
				CLANG_WARN__DUPLICATE_METHOD_MATCH = YES;
				CODE_SIGN_IDENTITY = "iPhone Developer";
				COPY_PHASE_STRIP = NO;
				DEBUG_INFORMATION_FORMAT = dwarf;
				ENABLE_STRICT_OBJC_MSGSEND = YES;
				ENABLE_TESTABILITY = YES;
				GCC_C_LANGUAGE_STANDARD = gnu11;
				GCC_DYNAMIC_NO_PIC = NO;
				GCC_NO_COMMON_BLOCKS = YES;
				GCC_OPTIMIZATION_LEVEL = 0;
				GCC_PREPROCESSOR_DEFINITIONS = (
					"DEBUG=1",
					"$(inherited)",
				);
				GCC_WARN_64_TO_32_BIT_CONVERSION = YES;
				GCC_WARN_ABOUT_RETURN_TYPE = YES_ERROR;
				GCC_WARN_UNDECLARED_SELECTOR = YES;
				GCC_WARN_UNINITIALIZED_AUTOS = YES_AGGRESSIVE;
				GCC_WARN_UNUSED_FUNCTION = YES;
				GCC_WARN_UNUSED_VARIABLE = YES;
				IPHONEOS_DEPLOYMENT_TARGET = 12.1;
				MTL_ENABLE_DEBUG_INFO = INCLUDE_SOURCE;
				MTL_FAST_MATH = YES;
				ONLY_ACTIVE_ARCH = YES;
				SDKROOT = iphoneos;
				SWIFT_ACTIVE_COMPILATION_CONDITIONS = DEBUG;
				SWIFT_OPTIMIZATION_LEVEL = "-Onone";
			};
			name = Debug;
		};
		C993F20821E88D2100FC3FA1 /* Release */ = {
			isa = XCBuildConfiguration;
			buildSettings = {
				ALWAYS_SEARCH_USER_PATHS = NO;
				CLANG_ANALYZER_NONNULL = YES;
				CLANG_ANALYZER_NUMBER_OBJECT_CONVERSION = YES_AGGRESSIVE;
				CLANG_CXX_LANGUAGE_STANDARD = "gnu++14";
				CLANG_CXX_LIBRARY = "libc++";
				CLANG_ENABLE_MODULES = YES;
				CLANG_ENABLE_OBJC_ARC = YES;
				CLANG_ENABLE_OBJC_WEAK = YES;
				CLANG_WARN_BLOCK_CAPTURE_AUTORELEASING = YES;
				CLANG_WARN_BOOL_CONVERSION = YES;
				CLANG_WARN_COMMA = YES;
				CLANG_WARN_CONSTANT_CONVERSION = YES;
				CLANG_WARN_DEPRECATED_OBJC_IMPLEMENTATIONS = YES;
				CLANG_WARN_DIRECT_OBJC_ISA_USAGE = YES_ERROR;
				CLANG_WARN_DOCUMENTATION_COMMENTS = YES;
				CLANG_WARN_EMPTY_BODY = YES;
				CLANG_WARN_ENUM_CONVERSION = YES;
				CLANG_WARN_INFINITE_RECURSION = YES;
				CLANG_WARN_INT_CONVERSION = YES;
				CLANG_WARN_NON_LITERAL_NULL_CONVERSION = YES;
				CLANG_WARN_OBJC_IMPLICIT_RETAIN_SELF = YES;
				CLANG_WARN_OBJC_LITERAL_CONVERSION = YES;
				CLANG_WARN_OBJC_ROOT_CLASS = YES_ERROR;
				CLANG_WARN_RANGE_LOOP_ANALYSIS = YES;
				CLANG_WARN_STRICT_PROTOTYPES = YES;
				CLANG_WARN_SUSPICIOUS_MOVE = YES;
				CLANG_WARN_UNGUARDED_AVAILABILITY = YES_AGGRESSIVE;
				CLANG_WARN_UNREACHABLE_CODE = YES;
				CLANG_WARN__DUPLICATE_METHOD_MATCH = YES;
				CODE_SIGN_IDENTITY = "iPhone Developer";
				COPY_PHASE_STRIP = NO;
				DEBUG_INFORMATION_FORMAT = "dwarf-with-dsym";
				ENABLE_NS_ASSERTIONS = NO;
				ENABLE_STRICT_OBJC_MSGSEND = YES;
				GCC_C_LANGUAGE_STANDARD = gnu11;
				GCC_NO_COMMON_BLOCKS = YES;
				GCC_WARN_64_TO_32_BIT_CONVERSION = YES;
				GCC_WARN_ABOUT_RETURN_TYPE = YES_ERROR;
				GCC_WARN_UNDECLARED_SELECTOR = YES;
				GCC_WARN_UNINITIALIZED_AUTOS = YES_AGGRESSIVE;
				GCC_WARN_UNUSED_FUNCTION = YES;
				GCC_WARN_UNUSED_VARIABLE = YES;
				IPHONEOS_DEPLOYMENT_TARGET = 12.1;
				MTL_ENABLE_DEBUG_INFO = NO;
				MTL_FAST_MATH = YES;
				SDKROOT = iphoneos;
				SWIFT_COMPILATION_MODE = wholemodule;
				SWIFT_OPTIMIZATION_LEVEL = "-O";
				VALIDATE_PRODUCT = YES;
			};
			name = Release;
		};
		C993F20A21E88D2100FC3FA1 /* Debug */ = {
			isa = XCBuildConfiguration;
			buildSettings = {
				ASSETCATALOG_COMPILER_APPICON_NAME = AppIcon;
				CODE_SIGN_STYLE = Automatic;
				INFOPLIST_FILE = NavAnimation/Info.plist;
				IPHONEOS_DEPLOYMENT_TARGET = 10.0;
				LD_RUNPATH_SEARCH_PATHS = (
					"$(inherited)",
					"@executable_path/Frameworks",
				);
				PRODUCT_BUNDLE_IDENTIFIER = com.newplatform.NavAnimation;
				PRODUCT_NAME = "$(TARGET_NAME)";
				SWIFT_VERSION = 4.0;
				TARGETED_DEVICE_FAMILY = "1,2";
			};
			name = Debug;
		};
		C993F20B21E88D2100FC3FA1 /* Release */ = {
			isa = XCBuildConfiguration;
			buildSettings = {
				ASSETCATALOG_COMPILER_APPICON_NAME = AppIcon;
				CODE_SIGN_STYLE = Automatic;
				INFOPLIST_FILE = NavAnimation/Info.plist;
				IPHONEOS_DEPLOYMENT_TARGET = 10.0;
				LD_RUNPATH_SEARCH_PATHS = (
					"$(inherited)",
					"@executable_path/Frameworks",
				);
				PRODUCT_BUNDLE_IDENTIFIER = com.newplatform.NavAnimation;
				PRODUCT_NAME = "$(TARGET_NAME)";
				SWIFT_VERSION = 4.0;
				TARGETED_DEVICE_FAMILY = "1,2";
			};
			name = Release;
		};
/* End XCBuildConfiguration section */

/* Begin XCConfigurationList section */
		C993F1F221E88D1F00FC3FA1 /* Build configuration list for PBXProject "NavAnimation" */ = {
			isa = XCConfigurationList;
			buildConfigurations = (
				C993F20721E88D2100FC3FA1 /* Debug */,
				C993F20821E88D2100FC3FA1 /* Release */,
			);
			defaultConfigurationIsVisible = 0;
			defaultConfigurationName = Release;
		};
		C993F20921E88D2100FC3FA1 /* Build configuration list for PBXNativeTarget "NavAnimation" */ = {
			isa = XCConfigurationList;
			buildConfigurations = (
				C993F20A21E88D2100FC3FA1 /* Debug */,
				C993F20B21E88D2100FC3FA1 /* Release */,
			);
			defaultConfigurationIsVisible = 0;
			defaultConfigurationName = Release;
		};
/* End XCConfigurationList section */
	};
	rootObject = C993F1EF21E88D1F00FC3FA1 /* Project object */;
}
